// !$*UTF8*$!
{
	archiveVersion = 1;
	classes = {
	};
	objectVersion = 46;
	objects = {

/* Begin PBXBuildFile section */
		04BFB6321BA674AA00EF51D8 /* SHSideTableViewCell.m in Sources */ = {isa = PBXBuildFile; fileRef = 04BFB6301BA674AA00EF51D8 /* SHSideTableViewCell.m */; };
		04BFB6331BA674AA00EF51D8 /* SHSideTableViewCell.xib in Resources */ = {isa = PBXBuildFile; fileRef = 04BFB6311BA674AA00EF51D8 /* SHSideTableViewCell.xib */; };
		04BFB6351BA675F000EF51D8 /* IconImage.plist in Resources */ = {isa = PBXBuildFile; fileRef = 04BFB6341BA675F000EF51D8 /* IconImage.plist */; };
		04BFB64E1BA6779200EF51D8 /* 0BtnImage.png in Resources */ = {isa = PBXBuildFile; fileRef = 04BFB6381BA6779200EF51D8 /* 0BtnImage.png */; };
		04BFB64F1BA6779200EF51D8 /* 1BtnImage.png in Resources */ = {isa = PBXBuildFile; fileRef = 04BFB6391BA6779200EF51D8 /* 1BtnImage.png */; };
		04BFB6501BA6779200EF51D8 /* 2BtnImage.png in Resources */ = {isa = PBXBuildFile; fileRef = 04BFB63A1BA6779200EF51D8 /* 2BtnImage.png */; };
		04BFB6511BA6779200EF51D8 /* 3BtnImage.png in Resources */ = {isa = PBXBuildFile; fileRef = 04BFB63B1BA6779200EF51D8 /* 3BtnImage.png */; };
		04BFB6521BA6779200EF51D8 /* 4BtnImage.png in Resources */ = {isa = PBXBuildFile; fileRef = 04BFB63C1BA6779200EF51D8 /* 4BtnImage.png */; };
		04BFB6531BA6779200EF51D8 /* 5BtnImage.png in Resources */ = {isa = PBXBuildFile; fileRef = 04BFB63D1BA6779200EF51D8 /* 5BtnImage.png */; };
		04BFB6541BA6779200EF51D8 /* 6BtnImage.png in Resources */ = {isa = PBXBuildFile; fileRef = 04BFB63E1BA6779200EF51D8 /* 6BtnImage.png */; };
		04BFB6551BA6779200EF51D8 /* 7BtnImage.png in Resources */ = {isa = PBXBuildFile; fileRef = 04BFB63F1BA6779200EF51D8 /* 7BtnImage.png */; };
		04BFB6561BA6779200EF51D8 /* 8BtnImage.png in Resources */ = {isa = PBXBuildFile; fileRef = 04BFB6401BA6779200EF51D8 /* 8BtnImage.png */; };
		04BFB6571BA6779200EF51D8 /* 9BtnImage.png in Resources */ = {isa = PBXBuildFile; fileRef = 04BFB6411BA6779200EF51D8 /* 9BtnImage.png */; };
		04BFB6581BA6779200EF51D8 /* BACKBtnImage.png in Resources */ = {isa = PBXBuildFile; fileRef = 04BFB6421BA6779200EF51D8 /* BACKBtnImage.png */; };
		04BFB6591BA6779200EF51D8 /* DOWNBtn.png in Resources */ = {isa = PBXBuildFile; fileRef = 04BFB6431BA6779200EF51D8 /* DOWNBtn.png */; };
		04BFB65A1BA6779200EF51D8 /* MODEBtnImage.png in Resources */ = {isa = PBXBuildFile; fileRef = 04BFB6441BA6779200EF51D8 /* MODEBtnImage.png */; };
		04BFB65B1BA6779200EF51D8 /* MUTEBtnImage.png in Resources */ = {isa = PBXBuildFile; fileRef = 04BFB6451BA6779200EF51D8 /* MUTEBtnImage.png */; };
		04BFB65C1BA6779200EF51D8 /* ONOFFBtnImage.png in Resources */ = {isa = PBXBuildFile; fileRef = 04BFB6461BA6779200EF51D8 /* ONOFFBtnImage.png */; };
		04BFB65D1BA6779200EF51D8 /* PLUSBtnImage.png in Resources */ = {isa = PBXBuildFile; fileRef = 04BFB6471BA6779200EF51D8 /* PLUSBtnImage.png */; };
		04BFB65E1BA6779200EF51D8 /* RemoteBackgroundImage.png in Resources */ = {isa = PBXBuildFile; fileRef = 04BFB6481BA6779200EF51D8 /* RemoteBackgroundImage.png */; };
		04BFB65F1BA6779200EF51D8 /* SUBBtnImage.png in Resources */ = {isa = PBXBuildFile; fileRef = 04BFB6491BA6779200EF51D8 /* SUBBtnImage.png */; };
		04BFB6601BA6779200EF51D8 /* TVAVBtnImage.png in Resources */ = {isa = PBXBuildFile; fileRef = 04BFB64A1BA6779200EF51D8 /* TVAVBtnImage.png */; };
		04BFB6611BA6779200EF51D8 /* UPBtnImage.png in Resources */ = {isa = PBXBuildFile; fileRef = 04BFB64B1BA6779200EF51D8 /* UPBtnImage.png */; };
		04BFB6621BA6779200EF51D8 /* USER1BtnImage.png in Resources */ = {isa = PBXBuildFile; fileRef = 04BFB64C1BA6779200EF51D8 /* USER1BtnImage.png */; };
		04BFB6631BA6779200EF51D8 /* USER2BtnImage.png in Resources */ = {isa = PBXBuildFile; fileRef = 04BFB64D1BA6779200EF51D8 /* USER2BtnImage.png */; };
		04BFB66F1BA69E2400EF51D8 /* menuItem1.png in Resources */ = {isa = PBXBuildFile; fileRef = 04BFB6691BA69E2300EF51D8 /* menuItem1.png */; };
		04BFB6701BA69E2400EF51D8 /* menuItem2.png in Resources */ = {isa = PBXBuildFile; fileRef = 04BFB66A1BA69E2400EF51D8 /* menuItem2.png */; };
		04BFB6711BA69E2400EF51D8 /* menuItem3.png in Resources */ = {isa = PBXBuildFile; fileRef = 04BFB66B1BA69E2400EF51D8 /* menuItem3.png */; };
		04BFB6721BA69E2400EF51D8 /* menuItem4.png in Resources */ = {isa = PBXBuildFile; fileRef = 04BFB66C1BA69E2400EF51D8 /* menuItem4.png */; };
		04BFB6731BA69E2400EF51D8 /* menuItem5.png in Resources */ = {isa = PBXBuildFile; fileRef = 04BFB66D1BA69E2400EF51D8 /* menuItem5.png */; };
		04BFB6741BA69E2400EF51D8 /* menuItem6.png in Resources */ = {isa = PBXBuildFile; fileRef = 04BFB66E1BA69E2400EF51D8 /* menuItem6.png */; };
		04BFB6771BA69EB600EF51D8 /* UIImage+SHImage.m in Sources */ = {isa = PBXBuildFile; fileRef = 04BFB6761BA69EB600EF51D8 /* UIImage+SHImage.m */; };
		04BFB68C1BA6B18000EF51D8 /* AFHTTPRequestOperation.m in Sources */ = {isa = PBXBuildFile; fileRef = 04BFB67A1BA6B18000EF51D8 /* AFHTTPRequestOperation.m */; };
		04BFB68D1BA6B18000EF51D8 /* AFHTTPRequestOperationManager.m in Sources */ = {isa = PBXBuildFile; fileRef = 04BFB67C1BA6B18000EF51D8 /* AFHTTPRequestOperationManager.m */; };
		04BFB68E1BA6B18000EF51D8 /* AFHTTPSessionManager.m in Sources */ = {isa = PBXBuildFile; fileRef = 04BFB67E1BA6B18000EF51D8 /* AFHTTPSessionManager.m */; };
		04BFB68F1BA6B18000EF51D8 /* AFNetworkReachabilityManager.m in Sources */ = {isa = PBXBuildFile; fileRef = 04BFB6811BA6B18000EF51D8 /* AFNetworkReachabilityManager.m */; };
		04BFB6901BA6B18000EF51D8 /* AFSecurityPolicy.m in Sources */ = {isa = PBXBuildFile; fileRef = 04BFB6831BA6B18000EF51D8 /* AFSecurityPolicy.m */; };
		04BFB6911BA6B18000EF51D8 /* AFURLConnectionOperation.m in Sources */ = {isa = PBXBuildFile; fileRef = 04BFB6851BA6B18000EF51D8 /* AFURLConnectionOperation.m */; };
		04BFB6921BA6B18000EF51D8 /* AFURLRequestSerialization.m in Sources */ = {isa = PBXBuildFile; fileRef = 04BFB6871BA6B18000EF51D8 /* AFURLRequestSerialization.m */; };
		04BFB6931BA6B18000EF51D8 /* AFURLResponseSerialization.m in Sources */ = {isa = PBXBuildFile; fileRef = 04BFB6891BA6B18000EF51D8 /* AFURLResponseSerialization.m */; };
		04BFB6941BA6B18000EF51D8 /* AFURLSessionManager.m in Sources */ = {isa = PBXBuildFile; fileRef = 04BFB68B1BA6B18000EF51D8 /* AFURLSessionManager.m */; };
		04BFB69A1BA6B6F300EF51D8 /* SHLoginController.m in Sources */ = {isa = PBXBuildFile; fileRef = 04BFB6981BA6B6F300EF51D8 /* SHLoginController.m */; };
		04BFB69B1BA6B6F300EF51D8 /* SHLoginController.xib in Resources */ = {isa = PBXBuildFile; fileRef = 04BFB6991BA6B6F300EF51D8 /* SHLoginController.xib */; };
		04BFB69F1BA6B70E00EF51D8 /* SHRegisterController.m in Sources */ = {isa = PBXBuildFile; fileRef = 04BFB69D1BA6B70E00EF51D8 /* SHRegisterController.m */; };
		04BFB6A01BA6B70E00EF51D8 /* SHRegisterController.xib in Resources */ = {isa = PBXBuildFile; fileRef = 04BFB69E1BA6B70E00EF51D8 /* SHRegisterController.xib */; };
		04BFB6A41BA6B72100EF51D8 /* SHForgetPasswordController.m in Sources */ = {isa = PBXBuildFile; fileRef = 04BFB6A21BA6B72100EF51D8 /* SHForgetPasswordController.m */; };
		04BFB6A51BA6B72100EF51D8 /* SHForgetPasswordController.xib in Resources */ = {isa = PBXBuildFile; fileRef = 04BFB6A31BA6B72100EF51D8 /* SHForgetPasswordController.xib */; };
		04BFB6A81BA6C60F00EF51D8 /* CALayer+Additions.m in Sources */ = {isa = PBXBuildFile; fileRef = 04BFB6A71BA6C60F00EF51D8 /* CALayer+Additions.m */; };
		04BFB6AC1BA6C9BA00EF51D8 /* acc_bg.png in Resources */ = {isa = PBXBuildFile; fileRef = 04BFB6AA1BA6C9BA00EF51D8 /* acc_bg.png */; };
		04BFB6AD1BA6C9BA00EF51D8 /* psw_bg.png in Resources */ = {isa = PBXBuildFile; fileRef = 04BFB6AB1BA6C9BA00EF51D8 /* psw_bg.png */; };
		04BFB6C51BA6CDEE00EF51D8 /* IQKeyboardManager.bundle in Resources */ = {isa = PBXBuildFile; fileRef = 04BFB6AF1BA6CDEE00EF51D8 /* IQKeyboardManager.bundle */; };
		04BFB6C61BA6CDEE00EF51D8 /* IQKeyboardManager.m in Sources */ = {isa = PBXBuildFile; fileRef = 04BFB6B11BA6CDEE00EF51D8 /* IQKeyboardManager.m */; };
		04BFB6C71BA6CDEE00EF51D8 /* IQSegmentedNextPrevious.m in Sources */ = {isa = PBXBuildFile; fileRef = 04BFB6B51BA6CDEE00EF51D8 /* IQSegmentedNextPrevious.m */; };
		04BFB6C81BA6CDEE00EF51D8 /* IQTextView.m in Sources */ = {isa = PBXBuildFile; fileRef = 04BFB6B71BA6CDEE00EF51D8 /* IQTextView.m */; };
		04BFB6C91BA6CDEE00EF51D8 /* IQTitleBarButtonItem.m in Sources */ = {isa = PBXBuildFile; fileRef = 04BFB6B91BA6CDEE00EF51D8 /* IQTitleBarButtonItem.m */; };
		04BFB6CA1BA6CDEE00EF51D8 /* IQToolbar.m in Sources */ = {isa = PBXBuildFile; fileRef = 04BFB6BB1BA6CDEE00EF51D8 /* IQToolbar.m */; };
		04BFB6CB1BA6CDEE00EF51D8 /* NSArray+Sort.m in Sources */ = {isa = PBXBuildFile; fileRef = 04BFB6BE1BA6CDEE00EF51D8 /* NSArray+Sort.m */; };
		04BFB6CC1BA6CDEE00EF51D8 /* UIView+Hierarchy.m in Sources */ = {isa = PBXBuildFile; fileRef = 04BFB6C01BA6CDEE00EF51D8 /* UIView+Hierarchy.m */; };
		04BFB6CD1BA6CDEE00EF51D8 /* UIView+IQKeyboardToolbar.m in Sources */ = {isa = PBXBuildFile; fileRef = 04BFB6C21BA6CDEE00EF51D8 /* UIView+IQKeyboardToolbar.m */; };
		04BFB6CE1BA6CDEE00EF51D8 /* UIWindow+Hierarchy.m in Sources */ = {isa = PBXBuildFile; fileRef = 04BFB6C41BA6CDEE00EF51D8 /* UIWindow+Hierarchy.m */; };
		04BFB6D01BA6D08700EF51D8 /* ver_bg.png in Resources */ = {isa = PBXBuildFile; fileRef = 04BFB6CF1BA6D08700EF51D8 /* ver_bg.png */; };
		A500D6C61B2C6D1900C8E2C1 /* SHAdapter.m in Sources */ = {isa = PBXBuildFile; fileRef = A500D6C51B2C6D1900C8E2C1 /* SHAdapter.m */; };
		A500D6C91B2C789100C8E2C1 /* SHSetingModel.m in Sources */ = {isa = PBXBuildFile; fileRef = A500D6C81B2C789100C8E2C1 /* SHSetingModel.m */; };
		A500D6CC1B2C78A900C8E2C1 /* SHSetingCell.m in Sources */ = {isa = PBXBuildFile; fileRef = A500D6CB1B2C78A900C8E2C1 /* SHSetingCell.m */; };
		A500D6CE1B2C78BC00C8E2C1 /* SHSetingCell.xib in Resources */ = {isa = PBXBuildFile; fileRef = A500D6CD1B2C78BC00C8E2C1 /* SHSetingCell.xib */; };
		A500D6D11B2C7CEB00C8E2C1 /* SHChangePasswordController.m in Sources */ = {isa = PBXBuildFile; fileRef = A500D6D01B2C7CEB00C8E2C1 /* SHChangePasswordController.m */; };
		A500D6DA1B2C867D00C8E2C1 /* SHChangePasswordView.m in Sources */ = {isa = PBXBuildFile; fileRef = A500D6D91B2C867D00C8E2C1 /* SHChangePasswordView.m */; };
		A500D6DD1B2C887100C8E2C1 /* SHError.m in Sources */ = {isa = PBXBuildFile; fileRef = A500D6DC1B2C887100C8E2C1 /* SHError.m */; };
		A500D6E21B2C9B9100C8E2C1 /* SHTVControlController.m in Sources */ = {isa = PBXBuildFile; fileRef = A500D6E11B2C9B9100C8E2C1 /* SHTVControlController.m */; };
		A500D6E51B2C9BBA00C8E2C1 /* SHAirconditionController.m in Sources */ = {isa = PBXBuildFile; fileRef = A500D6E41B2C9BBA00C8E2C1 /* SHAirconditionController.m */; };
		A500D6E81B2C9DC400C8E2C1 /* SHTVControlView.m in Sources */ = {isa = PBXBuildFile; fileRef = A500D6E71B2C9DC400C8E2C1 /* SHTVControlView.m */; };
		A500D6EB1B2C9DE800C8E2C1 /* SHAircondationView.m in Sources */ = {isa = PBXBuildFile; fileRef = A500D6EA1B2C9DE800C8E2C1 /* SHAircondationView.m */; };
		A5096B581B1DEE1D005ABF68 /* SHCellModel.m in Sources */ = {isa = PBXBuildFile; fileRef = A5096B571B1DEE1D005ABF68 /* SHCellModel.m */; };
		A5096B6D1B1DF171005ABF68 /* YYFMDatabase.m in Sources */ = {isa = PBXBuildFile; fileRef = A5096B5C1B1DF171005ABF68 /* YYFMDatabase.m */; };
		A5096B6E1B1DF171005ABF68 /* YYFMDatabaseAdditions.m in Sources */ = {isa = PBXBuildFile; fileRef = A5096B5E1B1DF171005ABF68 /* YYFMDatabaseAdditions.m */; };
		A5096B6F1B1DF171005ABF68 /* YYFMDatabasePool.m in Sources */ = {isa = PBXBuildFile; fileRef = A5096B601B1DF171005ABF68 /* YYFMDatabasePool.m */; };
		A5096B701B1DF171005ABF68 /* YYFMDatabaseQueue.m in Sources */ = {isa = PBXBuildFile; fileRef = A5096B621B1DF171005ABF68 /* YYFMDatabaseQueue.m */; };
		A5096B711B1DF171005ABF68 /* YYFMResultSet.m in Sources */ = {isa = PBXBuildFile; fileRef = A5096B651B1DF171005ABF68 /* YYFMResultSet.m */; };
		A5096B721B1DF171005ABF68 /* NSMeapDB.m in Sources */ = {isa = PBXBuildFile; fileRef = A5096B681B1DF171005ABF68 /* NSMeapDB.m */; settings = {COMPILER_FLAGS = "-fno-objc-arc"; }; };
		A5096B731B1DF171005ABF68 /* NSMeapDBBaseObject.m in Sources */ = {isa = PBXBuildFile; fileRef = A5096B6A1B1DF171005ABF68 /* NSMeapDBBaseObject.m */; };
		A5096B741B1DF171005ABF68 /* NSMeapSqlHanldler.m in Sources */ = {isa = PBXBuildFile; fileRef = A5096B6C1B1DF171005ABF68 /* NSMeapSqlHanldler.m */; settings = {COMPILER_FLAGS = "-fno-objc-arc"; }; };
		A5096B761B1DF1F6005ABF68 /* libsqlite3.0.dylib in Frameworks */ = {isa = PBXBuildFile; fileRef = A5096B751B1DF1F6005ABF68 /* libsqlite3.0.dylib */; };
		A5096B7B1B1DF2AF005ABF68 /* SHSceneViewController.m in Sources */ = {isa = PBXBuildFile; fileRef = A5096B7A1B1DF2AF005ABF68 /* SHSceneViewController.m */; };
		A5096B7E1B1DF2BE005ABF68 /* SHRoomViewController.m in Sources */ = {isa = PBXBuildFile; fileRef = A5096B7D1B1DF2BE005ABF68 /* SHRoomViewController.m */; };
		A5096B841B1DF633005ABF68 /* SHRoomTableViewCell.m in Sources */ = {isa = PBXBuildFile; fileRef = A5096B831B1DF633005ABF68 /* SHRoomTableViewCell.m */; };
		A5096B871B1DF66F005ABF68 /* SHSceneTableViewCell.m in Sources */ = {isa = PBXBuildFile; fileRef = A5096B861B1DF66F005ABF68 /* SHSceneTableViewCell.m */; };
		A50A90011B25C4EA0082DD58 /* SHDeviceViewController.m in Sources */ = {isa = PBXBuildFile; fileRef = A50A90001B25C4EA0082DD58 /* SHDeviceViewController.m */; };
		A50A900C1B25C85D0082DD58 /* SHDeviceCell.m in Sources */ = {isa = PBXBuildFile; fileRef = A50A900B1B25C85D0082DD58 /* SHDeviceCell.m */; };
		A50A900E1B25C8940082DD58 /* SHDeviceCell.xib in Resources */ = {isa = PBXBuildFile; fileRef = A50A900D1B25C8940082DD58 /* SHDeviceCell.xib */; };
		A50A98161B25DB360082DD58 /* SHSceneTableViewCell.xib in Resources */ = {isa = PBXBuildFile; fileRef = A50A98151B25DB360082DD58 /* SHSceneTableViewCell.xib */; };
		A50A98181B25DDB40082DD58 /* SHRoomTableViewCell.xib in Resources */ = {isa = PBXBuildFile; fileRef = A50A98171B25DDB40082DD58 /* SHRoomTableViewCell.xib */; };
		A50A981B1B25F7620082DD58 /* SHSceneSetingController.m in Sources */ = {isa = PBXBuildFile; fileRef = A50A981A1B25F7620082DD58 /* SHSceneSetingController.m */; };
		A53482131B2086FF00324B48 /* UIBarButtonItem+Extension.m in Sources */ = {isa = PBXBuildFile; fileRef = A53482121B2086FF00324B48 /* UIBarButtonItem+Extension.m */; };
		A53482161B20894D00324B48 /* SHRoomSetingViewController.m in Sources */ = {isa = PBXBuildFile; fileRef = A53482151B20894D00324B48 /* SHRoomSetingViewController.m */; };
		A53482191B2090B000324B48 /* SHRootSetingViewCell.m in Sources */ = {isa = PBXBuildFile; fileRef = A53482181B2090B000324B48 /* SHRootSetingViewCell.m */; };
		A534821F1B20924000324B48 /* SHRoomSetingModel.m in Sources */ = {isa = PBXBuildFile; fileRef = A534821E1B20924000324B48 /* SHRoomSetingModel.m */; };
		A560E3271B28A02100445A89 /* SHRootSetingViewCell.xib in Resources */ = {isa = PBXBuildFile; fileRef = A560E3261B28A02100445A89 /* SHRootSetingViewCell.xib */; };
		A560E32B1B28B59800445A89 /* SHPickerView.m in Sources */ = {isa = PBXBuildFile; fileRef = A560E32A1B28B59800445A89 /* SHPickerView.m */; };
		A5A6A3A61B2CBB5F00C3A0CB /* SHAddCell.m in Sources */ = {isa = PBXBuildFile; fileRef = A5A6A39C1B2CBB5F00C3A0CB /* SHAddCell.m */; };
		A5A6A3A71B2CBB5F00C3A0CB /* SHAddCell.xib in Resources */ = {isa = PBXBuildFile; fileRef = A5A6A39D1B2CBB5F00C3A0CB /* SHAddCell.xib */; };
		A5A6A3A81B2CBB5F00C3A0CB /* SHAddDeviceViewController.m in Sources */ = {isa = PBXBuildFile; fileRef = A5A6A39F1B2CBB5F00C3A0CB /* SHAddDeviceViewController.m */; };
		A5A6A3A91B2CBB5F00C3A0CB /* SHAddModel.m in Sources */ = {isa = PBXBuildFile; fileRef = A5A6A3A11B2CBB5F00C3A0CB /* SHAddModel.m */; };
		A5A6A3AA1B2CBB5F00C3A0CB /* SHManuallyAddController.m in Sources */ = {isa = PBXBuildFile; fileRef = A5A6A3A31B2CBB5F00C3A0CB /* SHManuallyAddController.m */; };
		A5A6A3AB1B2CBB5F00C3A0CB /* SHScanViewController.m in Sources */ = {isa = PBXBuildFile; fileRef = A5A6A3A51B2CBB5F00C3A0CB /* SHScanViewController.m */; };
		A5A6A3B31B2CBB8400C3A0CB /* SHSelectDeviceCell.m in Sources */ = {isa = PBXBuildFile; fileRef = A5A6A3AD1B2CBB8400C3A0CB /* SHSelectDeviceCell.m */; };
		A5A6A3B41B2CBB8400C3A0CB /* SHSelectDeviceCell.xib in Resources */ = {isa = PBXBuildFile; fileRef = A5A6A3AE1B2CBB8400C3A0CB /* SHSelectDeviceCell.xib */; };
		A5A6A3B51B2CBB8400C3A0CB /* SHSelectDeviceModel.m in Sources */ = {isa = PBXBuildFile; fileRef = A5A6A3B01B2CBB8400C3A0CB /* SHSelectDeviceModel.m */; };
		A5A6A3B61B2CBB8400C3A0CB /* SHSelectViewController.m in Sources */ = {isa = PBXBuildFile; fileRef = A5A6A3B21B2CBB8400C3A0CB /* SHSelectViewController.m */; };
		A5BD07381B56A7F6005F0E1D /* LeftSideBarViewController.m in Sources */ = {isa = PBXBuildFile; fileRef = A5BD072E1B56A7F5005F0E1D /* LeftSideBarViewController.m */; };
		A5BD07391B56A7F6005F0E1D /* SHSideModel.m in Sources */ = {isa = PBXBuildFile; fileRef = A5BD07301B56A7F5005F0E1D /* SHSideModel.m */; };
		A5BD073C1B56A7F6005F0E1D /* SidebarViewController.m in Sources */ = {isa = PBXBuildFile; fileRef = A5BD07361B56A7F5005F0E1D /* SidebarViewController.m */; };
		A5BD073D1B56A7F6005F0E1D /* SidebarViewController.xib in Resources */ = {isa = PBXBuildFile; fileRef = A5BD07371B56A7F5005F0E1D /* SidebarViewController.xib */; };
		A5C009D61B1CA33F004CAA23 /* main.m in Sources */ = {isa = PBXBuildFile; fileRef = A5C009D51B1CA33F004CAA23 /* main.m */; };
		A5C009D91B1CA33F004CAA23 /* AppDelegate.m in Sources */ = {isa = PBXBuildFile; fileRef = A5C009D81B1CA33F004CAA23 /* AppDelegate.m */; };
		A5C009E11B1CA33F004CAA23 /* Images.xcassets in Resources */ = {isa = PBXBuildFile; fileRef = A5C009E01B1CA33F004CAA23 /* Images.xcassets */; };
		A5C009E41B1CA33F004CAA23 /* LaunchScreen.xib in Resources */ = {isa = PBXBuildFile; fileRef = A5C009E21B1CA33F004CAA23 /* LaunchScreen.xib */; };
		A5C009F01B1CA33F004CAA23 /* SmartHomeTests.m in Sources */ = {isa = PBXBuildFile; fileRef = A5C009EF1B1CA33F004CAA23 /* SmartHomeTests.m */; };
		A5C009FD1B1CA46E004CAA23 /* SHBaseViewController.m in Sources */ = {isa = PBXBuildFile; fileRef = A5C009FC1B1CA46E004CAA23 /* SHBaseViewController.m */; };
		A5C00A001B1CA49A004CAA23 /* SHNavigationController.m in Sources */ = {isa = PBXBuildFile; fileRef = A5C009FF1B1CA49A004CAA23 /* SHNavigationController.m */; };
		A5C00A091B1CA5A9004CAA23 /* SHTableViewCell.m in Sources */ = {isa = PBXBuildFile; fileRef = A5C00A081B1CA5A9004CAA23 /* SHTableViewCell.m */; };
		A5C00A111B1CA7D1004CAA23 /* SHHomeViewController.m in Sources */ = {isa = PBXBuildFile; fileRef = A5C00A101B1CA7D1004CAA23 /* SHHomeViewController.m */; };
		A5C00A141B1CA7E4004CAA23 /* SHSetingViewController.m in Sources */ = {isa = PBXBuildFile; fileRef = A5C00A131B1CA7E4004CAA23 /* SHSetingViewController.m */; };
		A5C00A1B1B1CA889004CAA23 /* SHMessageViewController.m in Sources */ = {isa = PBXBuildFile; fileRef = A5C00A1A1B1CA889004CAA23 /* SHMessageViewController.m */; };
		A5C00A2F1B1CAF34004CAA23 /* UIColor+SHColor.m in Sources */ = {isa = PBXBuildFile; fileRef = A5C00A2E1B1CAF34004CAA23 /* UIColor+SHColor.m */; };
		A5FDD9561B27518200DAAD90 /* NSRoomModel.m in Sources */ = {isa = PBXBuildFile; fileRef = A5FDD9551B27518200DAAD90 /* NSRoomModel.m */; };
		A5FDD9591B2751C200DAAD90 /* NSSceneModel.m in Sources */ = {isa = PBXBuildFile; fileRef = A5FDD9581B2751C100DAAD90 /* NSSceneModel.m */; };
		A5FDD95C1B27522400DAAD90 /* NSDeviceModel.m in Sources */ = {isa = PBXBuildFile; fileRef = A5FDD95B1B27522400DAAD90 /* NSDeviceModel.m */; };
		A5FDD9611B2756E100DAAD90 /* SHDataManager.m in Sources */ = {isa = PBXBuildFile; fileRef = A5FDD9601B2756E100DAAD90 /* SHDataManager.m */; };
/* End PBXBuildFile section */

/* Begin PBXContainerItemProxy section */
		A5C009EA1B1CA33F004CAA23 /* PBXContainerItemProxy */ = {
			isa = PBXContainerItemProxy;
			containerPortal = A5C009C81B1CA33F004CAA23 /* Project object */;
			proxyType = 1;
			remoteGlobalIDString = A5C009CF1B1CA33F004CAA23;
			remoteInfo = SmartHome;
		};
/* End PBXContainerItemProxy section */

/* Begin PBXFileReference section */
		04BFB62F1BA674AA00EF51D8 /* SHSideTableViewCell.h */ = {isa = PBXFileReference; fileEncoding = 4; lastKnownFileType = sourcecode.c.h; path = SHSideTableViewCell.h; sourceTree = "<group>"; };
		04BFB6301BA674AA00EF51D8 /* SHSideTableViewCell.m */ = {isa = PBXFileReference; fileEncoding = 4; lastKnownFileType = sourcecode.c.objc; path = SHSideTableViewCell.m; sourceTree = "<group>"; };
		04BFB6311BA674AA00EF51D8 /* SHSideTableViewCell.xib */ = {isa = PBXFileReference; fileEncoding = 4; lastKnownFileType = file.xib; path = SHSideTableViewCell.xib; sourceTree = "<group>"; };
		04BFB6341BA675F000EF51D8 /* IconImage.plist */ = {isa = PBXFileReference; fileEncoding = 4; lastKnownFileType = text.plist.xml; path = IconImage.plist; sourceTree = "<group>"; };
		04BFB6381BA6779200EF51D8 /* 0BtnImage.png */ = {isa = PBXFileReference; lastKnownFileType = image.png; path = 0BtnImage.png; sourceTree = "<group>"; };
		04BFB6391BA6779200EF51D8 /* 1BtnImage.png */ = {isa = PBXFileReference; lastKnownFileType = image.png; path = 1BtnImage.png; sourceTree = "<group>"; };
		04BFB63A1BA6779200EF51D8 /* 2BtnImage.png */ = {isa = PBXFileReference; lastKnownFileType = image.png; path = 2BtnImage.png; sourceTree = "<group>"; };
		04BFB63B1BA6779200EF51D8 /* 3BtnImage.png */ = {isa = PBXFileReference; lastKnownFileType = image.png; path = 3BtnImage.png; sourceTree = "<group>"; };
		04BFB63C1BA6779200EF51D8 /* 4BtnImage.png */ = {isa = PBXFileReference; lastKnownFileType = image.png; path = 4BtnImage.png; sourceTree = "<group>"; };
		04BFB63D1BA6779200EF51D8 /* 5BtnImage.png */ = {isa = PBXFileReference; lastKnownFileType = image.png; path = 5BtnImage.png; sourceTree = "<group>"; };
		04BFB63E1BA6779200EF51D8 /* 6BtnImage.png */ = {isa = PBXFileReference; lastKnownFileType = image.png; path = 6BtnImage.png; sourceTree = "<group>"; };
		04BFB63F1BA6779200EF51D8 /* 7BtnImage.png */ = {isa = PBXFileReference; lastKnownFileType = image.png; path = 7BtnImage.png; sourceTree = "<group>"; };
		04BFB6401BA6779200EF51D8 /* 8BtnImage.png */ = {isa = PBXFileReference; lastKnownFileType = image.png; path = 8BtnImage.png; sourceTree = "<group>"; };
		04BFB6411BA6779200EF51D8 /* 9BtnImage.png */ = {isa = PBXFileReference; lastKnownFileType = image.png; path = 9BtnImage.png; sourceTree = "<group>"; };
		04BFB6421BA6779200EF51D8 /* BACKBtnImage.png */ = {isa = PBXFileReference; lastKnownFileType = image.png; path = BACKBtnImage.png; sourceTree = "<group>"; };
		04BFB6431BA6779200EF51D8 /* DOWNBtn.png */ = {isa = PBXFileReference; lastKnownFileType = image.png; path = DOWNBtn.png; sourceTree = "<group>"; };
		04BFB6441BA6779200EF51D8 /* MODEBtnImage.png */ = {isa = PBXFileReference; lastKnownFileType = image.png; path = MODEBtnImage.png; sourceTree = "<group>"; };
		04BFB6451BA6779200EF51D8 /* MUTEBtnImage.png */ = {isa = PBXFileReference; lastKnownFileType = image.png; path = MUTEBtnImage.png; sourceTree = "<group>"; };
		04BFB6461BA6779200EF51D8 /* ONOFFBtnImage.png */ = {isa = PBXFileReference; lastKnownFileType = image.png; path = ONOFFBtnImage.png; sourceTree = "<group>"; };
		04BFB6471BA6779200EF51D8 /* PLUSBtnImage.png */ = {isa = PBXFileReference; lastKnownFileType = image.png; path = PLUSBtnImage.png; sourceTree = "<group>"; };
		04BFB6481BA6779200EF51D8 /* RemoteBackgroundImage.png */ = {isa = PBXFileReference; lastKnownFileType = image.png; path = RemoteBackgroundImage.png; sourceTree = "<group>"; };
		04BFB6491BA6779200EF51D8 /* SUBBtnImage.png */ = {isa = PBXFileReference; lastKnownFileType = image.png; path = SUBBtnImage.png; sourceTree = "<group>"; };
		04BFB64A1BA6779200EF51D8 /* TVAVBtnImage.png */ = {isa = PBXFileReference; lastKnownFileType = image.png; path = TVAVBtnImage.png; sourceTree = "<group>"; };
		04BFB64B1BA6779200EF51D8 /* UPBtnImage.png */ = {isa = PBXFileReference; lastKnownFileType = image.png; path = UPBtnImage.png; sourceTree = "<group>"; };
		04BFB64C1BA6779200EF51D8 /* USER1BtnImage.png */ = {isa = PBXFileReference; lastKnownFileType = image.png; path = USER1BtnImage.png; sourceTree = "<group>"; };
		04BFB64D1BA6779200EF51D8 /* USER2BtnImage.png */ = {isa = PBXFileReference; lastKnownFileType = image.png; path = USER2BtnImage.png; sourceTree = "<group>"; };
		04BFB6691BA69E2300EF51D8 /* menuItem1.png */ = {isa = PBXFileReference; lastKnownFileType = image.png; path = menuItem1.png; sourceTree = "<group>"; };
		04BFB66A1BA69E2400EF51D8 /* menuItem2.png */ = {isa = PBXFileReference; lastKnownFileType = image.png; path = menuItem2.png; sourceTree = "<group>"; };
		04BFB66B1BA69E2400EF51D8 /* menuItem3.png */ = {isa = PBXFileReference; lastKnownFileType = image.png; path = menuItem3.png; sourceTree = "<group>"; };
		04BFB66C1BA69E2400EF51D8 /* menuItem4.png */ = {isa = PBXFileReference; lastKnownFileType = image.png; path = menuItem4.png; sourceTree = "<group>"; };
		04BFB66D1BA69E2400EF51D8 /* menuItem5.png */ = {isa = PBXFileReference; lastKnownFileType = image.png; path = menuItem5.png; sourceTree = "<group>"; };
		04BFB66E1BA69E2400EF51D8 /* menuItem6.png */ = {isa = PBXFileReference; lastKnownFileType = image.png; path = menuItem6.png; sourceTree = "<group>"; };
		04BFB6751BA69EB600EF51D8 /* UIImage+SHImage.h */ = {isa = PBXFileReference; fileEncoding = 4; lastKnownFileType = sourcecode.c.h; path = "UIImage+SHImage.h"; sourceTree = "<group>"; };
		04BFB6761BA69EB600EF51D8 /* UIImage+SHImage.m */ = {isa = PBXFileReference; fileEncoding = 4; lastKnownFileType = sourcecode.c.objc; path = "UIImage+SHImage.m"; sourceTree = "<group>"; };
		04BFB6791BA6B18000EF51D8 /* AFHTTPRequestOperation.h */ = {isa = PBXFileReference; fileEncoding = 4; lastKnownFileType = sourcecode.c.h; path = AFHTTPRequestOperation.h; sourceTree = "<group>"; };
		04BFB67A1BA6B18000EF51D8 /* AFHTTPRequestOperation.m */ = {isa = PBXFileReference; fileEncoding = 4; lastKnownFileType = sourcecode.c.objc; path = AFHTTPRequestOperation.m; sourceTree = "<group>"; };
		04BFB67B1BA6B18000EF51D8 /* AFHTTPRequestOperationManager.h */ = {isa = PBXFileReference; fileEncoding = 4; lastKnownFileType = sourcecode.c.h; path = AFHTTPRequestOperationManager.h; sourceTree = "<group>"; };
		04BFB67C1BA6B18000EF51D8 /* AFHTTPRequestOperationManager.m */ = {isa = PBXFileReference; fileEncoding = 4; lastKnownFileType = sourcecode.c.objc; path = AFHTTPRequestOperationManager.m; sourceTree = "<group>"; };
		04BFB67D1BA6B18000EF51D8 /* AFHTTPSessionManager.h */ = {isa = PBXFileReference; fileEncoding = 4; lastKnownFileType = sourcecode.c.h; path = AFHTTPSessionManager.h; sourceTree = "<group>"; };
		04BFB67E1BA6B18000EF51D8 /* AFHTTPSessionManager.m */ = {isa = PBXFileReference; fileEncoding = 4; lastKnownFileType = sourcecode.c.objc; path = AFHTTPSessionManager.m; sourceTree = "<group>"; };
		04BFB67F1BA6B18000EF51D8 /* AFNetworking.h */ = {isa = PBXFileReference; fileEncoding = 4; lastKnownFileType = sourcecode.c.h; path = AFNetworking.h; sourceTree = "<group>"; };
		04BFB6801BA6B18000EF51D8 /* AFNetworkReachabilityManager.h */ = {isa = PBXFileReference; fileEncoding = 4; lastKnownFileType = sourcecode.c.h; path = AFNetworkReachabilityManager.h; sourceTree = "<group>"; };
		04BFB6811BA6B18000EF51D8 /* AFNetworkReachabilityManager.m */ = {isa = PBXFileReference; fileEncoding = 4; lastKnownFileType = sourcecode.c.objc; path = AFNetworkReachabilityManager.m; sourceTree = "<group>"; };
		04BFB6821BA6B18000EF51D8 /* AFSecurityPolicy.h */ = {isa = PBXFileReference; fileEncoding = 4; lastKnownFileType = sourcecode.c.h; path = AFSecurityPolicy.h; sourceTree = "<group>"; };
		04BFB6831BA6B18000EF51D8 /* AFSecurityPolicy.m */ = {isa = PBXFileReference; fileEncoding = 4; lastKnownFileType = sourcecode.c.objc; path = AFSecurityPolicy.m; sourceTree = "<group>"; };
		04BFB6841BA6B18000EF51D8 /* AFURLConnectionOperation.h */ = {isa = PBXFileReference; fileEncoding = 4; lastKnownFileType = sourcecode.c.h; path = AFURLConnectionOperation.h; sourceTree = "<group>"; };
		04BFB6851BA6B18000EF51D8 /* AFURLConnectionOperation.m */ = {isa = PBXFileReference; fileEncoding = 4; lastKnownFileType = sourcecode.c.objc; path = AFURLConnectionOperation.m; sourceTree = "<group>"; };
		04BFB6861BA6B18000EF51D8 /* AFURLRequestSerialization.h */ = {isa = PBXFileReference; fileEncoding = 4; lastKnownFileType = sourcecode.c.h; path = AFURLRequestSerialization.h; sourceTree = "<group>"; };
		04BFB6871BA6B18000EF51D8 /* AFURLRequestSerialization.m */ = {isa = PBXFileReference; fileEncoding = 4; lastKnownFileType = sourcecode.c.objc; path = AFURLRequestSerialization.m; sourceTree = "<group>"; };
		04BFB6881BA6B18000EF51D8 /* AFURLResponseSerialization.h */ = {isa = PBXFileReference; fileEncoding = 4; lastKnownFileType = sourcecode.c.h; path = AFURLResponseSerialization.h; sourceTree = "<group>"; };
		04BFB6891BA6B18000EF51D8 /* AFURLResponseSerialization.m */ = {isa = PBXFileReference; fileEncoding = 4; lastKnownFileType = sourcecode.c.objc; path = AFURLResponseSerialization.m; sourceTree = "<group>"; };
		04BFB68A1BA6B18000EF51D8 /* AFURLSessionManager.h */ = {isa = PBXFileReference; fileEncoding = 4; lastKnownFileType = sourcecode.c.h; path = AFURLSessionManager.h; sourceTree = "<group>"; };
		04BFB68B1BA6B18000EF51D8 /* AFURLSessionManager.m */ = {isa = PBXFileReference; fileEncoding = 4; lastKnownFileType = sourcecode.c.objc; path = AFURLSessionManager.m; sourceTree = "<group>"; };
		04BFB6971BA6B6F300EF51D8 /* SHLoginController.h */ = {isa = PBXFileReference; fileEncoding = 4; lastKnownFileType = sourcecode.c.h; path = SHLoginController.h; sourceTree = "<group>"; };
		04BFB6981BA6B6F300EF51D8 /* SHLoginController.m */ = {isa = PBXFileReference; fileEncoding = 4; lastKnownFileType = sourcecode.c.objc; path = SHLoginController.m; sourceTree = "<group>"; };
		04BFB6991BA6B6F300EF51D8 /* SHLoginController.xib */ = {isa = PBXFileReference; fileEncoding = 4; lastKnownFileType = file.xib; path = SHLoginController.xib; sourceTree = "<group>"; };
		04BFB69C1BA6B70E00EF51D8 /* SHRegisterController.h */ = {isa = PBXFileReference; fileEncoding = 4; lastKnownFileType = sourcecode.c.h; path = SHRegisterController.h; sourceTree = "<group>"; };
		04BFB69D1BA6B70E00EF51D8 /* SHRegisterController.m */ = {isa = PBXFileReference; fileEncoding = 4; lastKnownFileType = sourcecode.c.objc; path = SHRegisterController.m; sourceTree = "<group>"; };
		04BFB69E1BA6B70E00EF51D8 /* SHRegisterController.xib */ = {isa = PBXFileReference; fileEncoding = 4; lastKnownFileType = file.xib; path = SHRegisterController.xib; sourceTree = "<group>"; };
		04BFB6A11BA6B72100EF51D8 /* SHForgetPasswordController.h */ = {isa = PBXFileReference; fileEncoding = 4; lastKnownFileType = sourcecode.c.h; path = SHForgetPasswordController.h; sourceTree = "<group>"; };
		04BFB6A21BA6B72100EF51D8 /* SHForgetPasswordController.m */ = {isa = PBXFileReference; fileEncoding = 4; lastKnownFileType = sourcecode.c.objc; path = SHForgetPasswordController.m; sourceTree = "<group>"; };
		04BFB6A31BA6B72100EF51D8 /* SHForgetPasswordController.xib */ = {isa = PBXFileReference; fileEncoding = 4; lastKnownFileType = file.xib; path = SHForgetPasswordController.xib; sourceTree = "<group>"; };
		04BFB6A61BA6C60F00EF51D8 /* CALayer+Additions.h */ = {isa = PBXFileReference; fileEncoding = 4; lastKnownFileType = sourcecode.c.h; path = "CALayer+Additions.h"; sourceTree = "<group>"; };
		04BFB6A71BA6C60F00EF51D8 /* CALayer+Additions.m */ = {isa = PBXFileReference; fileEncoding = 4; lastKnownFileType = sourcecode.c.objc; path = "CALayer+Additions.m"; sourceTree = "<group>"; };
		04BFB6AA1BA6C9BA00EF51D8 /* acc_bg.png */ = {isa = PBXFileReference; lastKnownFileType = image.png; path = acc_bg.png; sourceTree = "<group>"; };
		04BFB6AB1BA6C9BA00EF51D8 /* psw_bg.png */ = {isa = PBXFileReference; lastKnownFileType = image.png; path = psw_bg.png; sourceTree = "<group>"; };
		04BFB6AF1BA6CDEE00EF51D8 /* IQKeyboardManager.bundle */ = {isa = PBXFileReference; lastKnownFileType = "wrapper.plug-in"; path = IQKeyboardManager.bundle; sourceTree = "<group>"; };
		04BFB6B01BA6CDEE00EF51D8 /* IQKeyboardManager.h */ = {isa = PBXFileReference; fileEncoding = 4; lastKnownFileType = sourcecode.c.h; path = IQKeyboardManager.h; sourceTree = "<group>"; };
		04BFB6B11BA6CDEE00EF51D8 /* IQKeyboardManager.m */ = {isa = PBXFileReference; fileEncoding = 4; lastKnownFileType = sourcecode.c.objc; path = IQKeyboardManager.m; sourceTree = "<group>"; };
		04BFB6B21BA6CDEE00EF51D8 /* IQKeyboardManagerConstants.h */ = {isa = PBXFileReference; fileEncoding = 4; lastKnownFileType = sourcecode.c.h; path = IQKeyboardManagerConstants.h; sourceTree = "<group>"; };
		04BFB6B31BA6CDEE00EF51D8 /* IQKeyboardManagerConstantsInternal.h */ = {isa = PBXFileReference; fileEncoding = 4; lastKnownFileType = sourcecode.c.h; path = IQKeyboardManagerConstantsInternal.h; sourceTree = "<group>"; };
		04BFB6B41BA6CDEE00EF51D8 /* IQSegmentedNextPrevious.h */ = {isa = PBXFileReference; fileEncoding = 4; lastKnownFileType = sourcecode.c.h; path = IQSegmentedNextPrevious.h; sourceTree = "<group>"; };
		04BFB6B51BA6CDEE00EF51D8 /* IQSegmentedNextPrevious.m */ = {isa = PBXFileReference; fileEncoding = 4; lastKnownFileType = sourcecode.c.objc; path = IQSegmentedNextPrevious.m; sourceTree = "<group>"; };
		04BFB6B61BA6CDEE00EF51D8 /* IQTextView.h */ = {isa = PBXFileReference; fileEncoding = 4; lastKnownFileType = sourcecode.c.h; path = IQTextView.h; sourceTree = "<group>"; };
		04BFB6B71BA6CDEE00EF51D8 /* IQTextView.m */ = {isa = PBXFileReference; fileEncoding = 4; lastKnownFileType = sourcecode.c.objc; path = IQTextView.m; sourceTree = "<group>"; };
		04BFB6B81BA6CDEE00EF51D8 /* IQTitleBarButtonItem.h */ = {isa = PBXFileReference; fileEncoding = 4; lastKnownFileType = sourcecode.c.h; path = IQTitleBarButtonItem.h; sourceTree = "<group>"; };
		04BFB6B91BA6CDEE00EF51D8 /* IQTitleBarButtonItem.m */ = {isa = PBXFileReference; fileEncoding = 4; lastKnownFileType = sourcecode.c.objc; path = IQTitleBarButtonItem.m; sourceTree = "<group>"; };
		04BFB6BA1BA6CDEE00EF51D8 /* IQToolbar.h */ = {isa = PBXFileReference; fileEncoding = 4; lastKnownFileType = sourcecode.c.h; path = IQToolbar.h; sourceTree = "<group>"; };
		04BFB6BB1BA6CDEE00EF51D8 /* IQToolbar.m */ = {isa = PBXFileReference; fileEncoding = 4; lastKnownFileType = sourcecode.c.objc; path = IQToolbar.m; sourceTree = "<group>"; };
		04BFB6BC1BA6CDEE00EF51D8 /* KeyboardManager.h */ = {isa = PBXFileReference; fileEncoding = 4; lastKnownFileType = sourcecode.c.h; path = KeyboardManager.h; sourceTree = "<group>"; };
		04BFB6BD1BA6CDEE00EF51D8 /* NSArray+Sort.h */ = {isa = PBXFileReference; fileEncoding = 4; lastKnownFileType = sourcecode.c.h; path = "NSArray+Sort.h"; sourceTree = "<group>"; };
		04BFB6BE1BA6CDEE00EF51D8 /* NSArray+Sort.m */ = {isa = PBXFileReference; fileEncoding = 4; lastKnownFileType = sourcecode.c.objc; path = "NSArray+Sort.m"; sourceTree = "<group>"; };
		04BFB6BF1BA6CDEE00EF51D8 /* UIView+Hierarchy.h */ = {isa = PBXFileReference; fileEncoding = 4; lastKnownFileType = sourcecode.c.h; path = "UIView+Hierarchy.h"; sourceTree = "<group>"; };
		04BFB6C01BA6CDEE00EF51D8 /* UIView+Hierarchy.m */ = {isa = PBXFileReference; fileEncoding = 4; lastKnownFileType = sourcecode.c.objc; path = "UIView+Hierarchy.m"; sourceTree = "<group>"; };
		04BFB6C11BA6CDEE00EF51D8 /* UIView+IQKeyboardToolbar.h */ = {isa = PBXFileReference; fileEncoding = 4; lastKnownFileType = sourcecode.c.h; path = "UIView+IQKeyboardToolbar.h"; sourceTree = "<group>"; };
		04BFB6C21BA6CDEE00EF51D8 /* UIView+IQKeyboardToolbar.m */ = {isa = PBXFileReference; fileEncoding = 4; lastKnownFileType = sourcecode.c.objc; path = "UIView+IQKeyboardToolbar.m"; sourceTree = "<group>"; };
		04BFB6C31BA6CDEE00EF51D8 /* UIWindow+Hierarchy.h */ = {isa = PBXFileReference; fileEncoding = 4; lastKnownFileType = sourcecode.c.h; path = "UIWindow+Hierarchy.h"; sourceTree = "<group>"; };
		04BFB6C41BA6CDEE00EF51D8 /* UIWindow+Hierarchy.m */ = {isa = PBXFileReference; fileEncoding = 4; lastKnownFileType = sourcecode.c.objc; path = "UIWindow+Hierarchy.m"; sourceTree = "<group>"; };
		04BFB6CF1BA6D08700EF51D8 /* ver_bg.png */ = {isa = PBXFileReference; lastKnownFileType = image.png; path = ver_bg.png; sourceTree = "<group>"; };
		A500D6C41B2C6D1900C8E2C1 /* SHAdapter.h */ = {isa = PBXFileReference; fileEncoding = 4; lastKnownFileType = sourcecode.c.h; path = SHAdapter.h; sourceTree = "<group>"; };
		A500D6C51B2C6D1900C8E2C1 /* SHAdapter.m */ = {isa = PBXFileReference; fileEncoding = 4; lastKnownFileType = sourcecode.c.objc; path = SHAdapter.m; sourceTree = "<group>"; };
		A500D6C71B2C789100C8E2C1 /* SHSetingModel.h */ = {isa = PBXFileReference; fileEncoding = 4; lastKnownFileType = sourcecode.c.h; path = SHSetingModel.h; sourceTree = "<group>"; };
		A500D6C81B2C789100C8E2C1 /* SHSetingModel.m */ = {isa = PBXFileReference; fileEncoding = 4; lastKnownFileType = sourcecode.c.objc; path = SHSetingModel.m; sourceTree = "<group>"; };
		A500D6CA1B2C78A900C8E2C1 /* SHSetingCell.h */ = {isa = PBXFileReference; fileEncoding = 4; lastKnownFileType = sourcecode.c.h; path = SHSetingCell.h; sourceTree = "<group>"; };
		A500D6CB1B2C78A900C8E2C1 /* SHSetingCell.m */ = {isa = PBXFileReference; fileEncoding = 4; lastKnownFileType = sourcecode.c.objc; path = SHSetingCell.m; sourceTree = "<group>"; };
		A500D6CD1B2C78BC00C8E2C1 /* SHSetingCell.xib */ = {isa = PBXFileReference; fileEncoding = 4; lastKnownFileType = file.xib; path = SHSetingCell.xib; sourceTree = "<group>"; };
		A500D6CF1B2C7CEB00C8E2C1 /* SHChangePasswordController.h */ = {isa = PBXFileReference; fileEncoding = 4; lastKnownFileType = sourcecode.c.h; path = SHChangePasswordController.h; sourceTree = "<group>"; };
		A500D6D01B2C7CEB00C8E2C1 /* SHChangePasswordController.m */ = {isa = PBXFileReference; fileEncoding = 4; lastKnownFileType = sourcecode.c.objc; path = SHChangePasswordController.m; sourceTree = "<group>"; };
		A500D6D81B2C867D00C8E2C1 /* SHChangePasswordView.h */ = {isa = PBXFileReference; fileEncoding = 4; lastKnownFileType = sourcecode.c.h; path = SHChangePasswordView.h; sourceTree = "<group>"; };
		A500D6D91B2C867D00C8E2C1 /* SHChangePasswordView.m */ = {isa = PBXFileReference; fileEncoding = 4; lastKnownFileType = sourcecode.c.objc; path = SHChangePasswordView.m; sourceTree = "<group>"; };
		A500D6DB1B2C887100C8E2C1 /* SHError.h */ = {isa = PBXFileReference; fileEncoding = 4; lastKnownFileType = sourcecode.c.h; path = SHError.h; sourceTree = "<group>"; };
		A500D6DC1B2C887100C8E2C1 /* SHError.m */ = {isa = PBXFileReference; fileEncoding = 4; lastKnownFileType = sourcecode.c.objc; path = SHError.m; sourceTree = "<group>"; };
		A500D6E01B2C9B9100C8E2C1 /* SHTVControlController.h */ = {isa = PBXFileReference; fileEncoding = 4; lastKnownFileType = sourcecode.c.h; path = SHTVControlController.h; sourceTree = "<group>"; };
		A500D6E11B2C9B9100C8E2C1 /* SHTVControlController.m */ = {isa = PBXFileReference; fileEncoding = 4; lastKnownFileType = sourcecode.c.objc; path = SHTVControlController.m; sourceTree = "<group>"; };
		A500D6E31B2C9BBA00C8E2C1 /* SHAirconditionController.h */ = {isa = PBXFileReference; fileEncoding = 4; lastKnownFileType = sourcecode.c.h; path = SHAirconditionController.h; sourceTree = "<group>"; };
		A500D6E41B2C9BBA00C8E2C1 /* SHAirconditionController.m */ = {isa = PBXFileReference; fileEncoding = 4; lastKnownFileType = sourcecode.c.objc; path = SHAirconditionController.m; sourceTree = "<group>"; };
		A500D6E61B2C9DC400C8E2C1 /* SHTVControlView.h */ = {isa = PBXFileReference; fileEncoding = 4; lastKnownFileType = sourcecode.c.h; path = SHTVControlView.h; sourceTree = "<group>"; };
		A500D6E71B2C9DC400C8E2C1 /* SHTVControlView.m */ = {isa = PBXFileReference; fileEncoding = 4; lastKnownFileType = sourcecode.c.objc; path = SHTVControlView.m; sourceTree = "<group>"; };
		A500D6E91B2C9DE800C8E2C1 /* SHAircondationView.h */ = {isa = PBXFileReference; fileEncoding = 4; lastKnownFileType = sourcecode.c.h; path = SHAircondationView.h; sourceTree = "<group>"; };
		A500D6EA1B2C9DE800C8E2C1 /* SHAircondationView.m */ = {isa = PBXFileReference; fileEncoding = 4; lastKnownFileType = sourcecode.c.objc; path = SHAircondationView.m; sourceTree = "<group>"; };
		A5096B561B1DEE1D005ABF68 /* SHCellModel.h */ = {isa = PBXFileReference; fileEncoding = 4; lastKnownFileType = sourcecode.c.h; path = SHCellModel.h; sourceTree = "<group>"; };
		A5096B571B1DEE1D005ABF68 /* SHCellModel.m */ = {isa = PBXFileReference; fileEncoding = 4; lastKnownFileType = sourcecode.c.objc; path = SHCellModel.m; sourceTree = "<group>"; };
		A5096B5B1B1DF171005ABF68 /* YYFMDatabase.h */ = {isa = PBXFileReference; fileEncoding = 4; lastKnownFileType = sourcecode.c.h; path = YYFMDatabase.h; sourceTree = "<group>"; };
		A5096B5C1B1DF171005ABF68 /* YYFMDatabase.m */ = {isa = PBXFileReference; fileEncoding = 4; lastKnownFileType = sourcecode.c.objc; path = YYFMDatabase.m; sourceTree = "<group>"; };
		A5096B5D1B1DF171005ABF68 /* YYFMDatabaseAdditions.h */ = {isa = PBXFileReference; fileEncoding = 4; lastKnownFileType = sourcecode.c.h; path = YYFMDatabaseAdditions.h; sourceTree = "<group>"; };
		A5096B5E1B1DF171005ABF68 /* YYFMDatabaseAdditions.m */ = {isa = PBXFileReference; fileEncoding = 4; lastKnownFileType = sourcecode.c.objc; path = YYFMDatabaseAdditions.m; sourceTree = "<group>"; };
		A5096B5F1B1DF171005ABF68 /* YYFMDatabasePool.h */ = {isa = PBXFileReference; fileEncoding = 4; lastKnownFileType = sourcecode.c.h; path = YYFMDatabasePool.h; sourceTree = "<group>"; };
		A5096B601B1DF171005ABF68 /* YYFMDatabasePool.m */ = {isa = PBXFileReference; fileEncoding = 4; lastKnownFileType = sourcecode.c.objc; path = YYFMDatabasePool.m; sourceTree = "<group>"; };
		A5096B611B1DF171005ABF68 /* YYFMDatabaseQueue.h */ = {isa = PBXFileReference; fileEncoding = 4; lastKnownFileType = sourcecode.c.h; path = YYFMDatabaseQueue.h; sourceTree = "<group>"; };
		A5096B621B1DF171005ABF68 /* YYFMDatabaseQueue.m */ = {isa = PBXFileReference; fileEncoding = 4; lastKnownFileType = sourcecode.c.objc; path = YYFMDatabaseQueue.m; sourceTree = "<group>"; };
		A5096B631B1DF171005ABF68 /* YYFMDBHeader.h */ = {isa = PBXFileReference; fileEncoding = 4; lastKnownFileType = sourcecode.c.h; path = YYFMDBHeader.h; sourceTree = "<group>"; };
		A5096B641B1DF171005ABF68 /* YYFMResultSet.h */ = {isa = PBXFileReference; fileEncoding = 4; lastKnownFileType = sourcecode.c.h; path = YYFMResultSet.h; sourceTree = "<group>"; };
		A5096B651B1DF171005ABF68 /* YYFMResultSet.m */ = {isa = PBXFileReference; fileEncoding = 4; lastKnownFileType = sourcecode.c.objc; path = YYFMResultSet.m; sourceTree = "<group>"; };
		A5096B671B1DF171005ABF68 /* NSMeapDB.h */ = {isa = PBXFileReference; fileEncoding = 4; lastKnownFileType = sourcecode.c.h; path = NSMeapDB.h; sourceTree = "<group>"; };
		A5096B681B1DF171005ABF68 /* NSMeapDB.m */ = {isa = PBXFileReference; fileEncoding = 4; lastKnownFileType = sourcecode.c.objc; path = NSMeapDB.m; sourceTree = "<group>"; };
		A5096B691B1DF171005ABF68 /* NSMeapDBBaseObject.h */ = {isa = PBXFileReference; fileEncoding = 4; lastKnownFileType = sourcecode.c.h; path = NSMeapDBBaseObject.h; sourceTree = "<group>"; };
		A5096B6A1B1DF171005ABF68 /* NSMeapDBBaseObject.m */ = {isa = PBXFileReference; fileEncoding = 4; lastKnownFileType = sourcecode.c.objc; path = NSMeapDBBaseObject.m; sourceTree = "<group>"; };
		A5096B6B1B1DF171005ABF68 /* NSMeapSqlHanldler.h */ = {isa = PBXFileReference; fileEncoding = 4; lastKnownFileType = sourcecode.c.h; path = NSMeapSqlHanldler.h; sourceTree = "<group>"; };
		A5096B6C1B1DF171005ABF68 /* NSMeapSqlHanldler.m */ = {isa = PBXFileReference; fileEncoding = 4; lastKnownFileType = sourcecode.c.objc; path = NSMeapSqlHanldler.m; sourceTree = "<group>"; };
		A5096B751B1DF1F6005ABF68 /* libsqlite3.0.dylib */ = {isa = PBXFileReference; lastKnownFileType = "compiled.mach-o.dylib"; name = libsqlite3.0.dylib; path = usr/lib/libsqlite3.0.dylib; sourceTree = SDKROOT; };
		A5096B791B1DF2AF005ABF68 /* SHSceneViewController.h */ = {isa = PBXFileReference; fileEncoding = 4; lastKnownFileType = sourcecode.c.h; path = SHSceneViewController.h; sourceTree = "<group>"; };
		A5096B7A1B1DF2AF005ABF68 /* SHSceneViewController.m */ = {isa = PBXFileReference; fileEncoding = 4; lastKnownFileType = sourcecode.c.objc; path = SHSceneViewController.m; sourceTree = "<group>"; };
		A5096B7C1B1DF2BE005ABF68 /* SHRoomViewController.h */ = {isa = PBXFileReference; fileEncoding = 4; lastKnownFileType = sourcecode.c.h; path = SHRoomViewController.h; sourceTree = "<group>"; };
		A5096B7D1B1DF2BE005ABF68 /* SHRoomViewController.m */ = {isa = PBXFileReference; fileEncoding = 4; lastKnownFileType = sourcecode.c.objc; path = SHRoomViewController.m; sourceTree = "<group>"; };
		A5096B821B1DF633005ABF68 /* SHRoomTableViewCell.h */ = {isa = PBXFileReference; fileEncoding = 4; lastKnownFileType = sourcecode.c.h; path = SHRoomTableViewCell.h; sourceTree = "<group>"; };
		A5096B831B1DF633005ABF68 /* SHRoomTableViewCell.m */ = {isa = PBXFileReference; fileEncoding = 4; lastKnownFileType = sourcecode.c.objc; path = SHRoomTableViewCell.m; sourceTree = "<group>"; };
		A5096B851B1DF66F005ABF68 /* SHSceneTableViewCell.h */ = {isa = PBXFileReference; fileEncoding = 4; lastKnownFileType = sourcecode.c.h; path = SHSceneTableViewCell.h; sourceTree = "<group>"; };
		A5096B861B1DF66F005ABF68 /* SHSceneTableViewCell.m */ = {isa = PBXFileReference; fileEncoding = 4; lastKnownFileType = sourcecode.c.objc; path = SHSceneTableViewCell.m; sourceTree = "<group>"; };
		A50A8FFF1B25C4EA0082DD58 /* SHDeviceViewController.h */ = {isa = PBXFileReference; fileEncoding = 4; lastKnownFileType = sourcecode.c.h; path = SHDeviceViewController.h; sourceTree = "<group>"; };
		A50A90001B25C4EA0082DD58 /* SHDeviceViewController.m */ = {isa = PBXFileReference; fileEncoding = 4; lastKnownFileType = sourcecode.c.objc; path = SHDeviceViewController.m; sourceTree = "<group>"; };
		A50A900A1B25C85D0082DD58 /* SHDeviceCell.h */ = {isa = PBXFileReference; fileEncoding = 4; lastKnownFileType = sourcecode.c.h; path = SHDeviceCell.h; sourceTree = "<group>"; };
		A50A900B1B25C85D0082DD58 /* SHDeviceCell.m */ = {isa = PBXFileReference; fileEncoding = 4; lastKnownFileType = sourcecode.c.objc; path = SHDeviceCell.m; sourceTree = "<group>"; };
		A50A900D1B25C8940082DD58 /* SHDeviceCell.xib */ = {isa = PBXFileReference; fileEncoding = 4; lastKnownFileType = file.xib; path = SHDeviceCell.xib; sourceTree = "<group>"; };
		A50A98151B25DB360082DD58 /* SHSceneTableViewCell.xib */ = {isa = PBXFileReference; fileEncoding = 4; lastKnownFileType = file.xib; path = SHSceneTableViewCell.xib; sourceTree = "<group>"; };
		A50A98171B25DDB40082DD58 /* SHRoomTableViewCell.xib */ = {isa = PBXFileReference; fileEncoding = 4; lastKnownFileType = file.xib; path = SHRoomTableViewCell.xib; sourceTree = "<group>"; };
		A50A98191B25F7620082DD58 /* SHSceneSetingController.h */ = {isa = PBXFileReference; fileEncoding = 4; lastKnownFileType = sourcecode.c.h; path = SHSceneSetingController.h; sourceTree = "<group>"; };
		A50A981A1B25F7620082DD58 /* SHSceneSetingController.m */ = {isa = PBXFileReference; fileEncoding = 4; lastKnownFileType = sourcecode.c.objc; path = SHSceneSetingController.m; sourceTree = "<group>"; };
		A53482111B2086FF00324B48 /* UIBarButtonItem+Extension.h */ = {isa = PBXFileReference; fileEncoding = 4; lastKnownFileType = sourcecode.c.h; path = "UIBarButtonItem+Extension.h"; sourceTree = "<group>"; };
		A53482121B2086FF00324B48 /* UIBarButtonItem+Extension.m */ = {isa = PBXFileReference; fileEncoding = 4; lastKnownFileType = sourcecode.c.objc; path = "UIBarButtonItem+Extension.m"; sourceTree = "<group>"; };
		A53482141B20894D00324B48 /* SHRoomSetingViewController.h */ = {isa = PBXFileReference; fileEncoding = 4; lastKnownFileType = sourcecode.c.h; path = SHRoomSetingViewController.h; sourceTree = "<group>"; };
		A53482151B20894D00324B48 /* SHRoomSetingViewController.m */ = {isa = PBXFileReference; fileEncoding = 4; lastKnownFileType = sourcecode.c.objc; path = SHRoomSetingViewController.m; sourceTree = "<group>"; };
		A53482171B2090B000324B48 /* SHRootSetingViewCell.h */ = {isa = PBXFileReference; fileEncoding = 4; lastKnownFileType = sourcecode.c.h; path = SHRootSetingViewCell.h; sourceTree = "<group>"; };
		A53482181B2090B000324B48 /* SHRootSetingViewCell.m */ = {isa = PBXFileReference; fileEncoding = 4; lastKnownFileType = sourcecode.c.objc; path = SHRootSetingViewCell.m; sourceTree = "<group>"; };
		A534821D1B20924000324B48 /* SHRoomSetingModel.h */ = {isa = PBXFileReference; fileEncoding = 4; lastKnownFileType = sourcecode.c.h; path = SHRoomSetingModel.h; sourceTree = "<group>"; };
		A534821E1B20924000324B48 /* SHRoomSetingModel.m */ = {isa = PBXFileReference; fileEncoding = 4; lastKnownFileType = sourcecode.c.objc; path = SHRoomSetingModel.m; sourceTree = "<group>"; };
		A560E3261B28A02100445A89 /* SHRootSetingViewCell.xib */ = {isa = PBXFileReference; fileEncoding = 4; lastKnownFileType = file.xib; path = SHRootSetingViewCell.xib; sourceTree = "<group>"; };
		A560E3291B28B59800445A89 /* SHPickerView.h */ = {isa = PBXFileReference; fileEncoding = 4; lastKnownFileType = sourcecode.c.h; path = SHPickerView.h; sourceTree = "<group>"; };
		A560E32A1B28B59800445A89 /* SHPickerView.m */ = {isa = PBXFileReference; fileEncoding = 4; lastKnownFileType = sourcecode.c.objc; path = SHPickerView.m; sourceTree = "<group>"; };
		A5A6A39B1B2CBB5F00C3A0CB /* SHAddCell.h */ = {isa = PBXFileReference; fileEncoding = 4; lastKnownFileType = sourcecode.c.h; path = SHAddCell.h; sourceTree = "<group>"; };
		A5A6A39C1B2CBB5F00C3A0CB /* SHAddCell.m */ = {isa = PBXFileReference; fileEncoding = 4; lastKnownFileType = sourcecode.c.objc; path = SHAddCell.m; sourceTree = "<group>"; };
		A5A6A39D1B2CBB5F00C3A0CB /* SHAddCell.xib */ = {isa = PBXFileReference; fileEncoding = 4; lastKnownFileType = file.xib; path = SHAddCell.xib; sourceTree = "<group>"; };
		A5A6A39E1B2CBB5F00C3A0CB /* SHAddDeviceViewController.h */ = {isa = PBXFileReference; fileEncoding = 4; lastKnownFileType = sourcecode.c.h; path = SHAddDeviceViewController.h; sourceTree = "<group>"; };
		A5A6A39F1B2CBB5F00C3A0CB /* SHAddDeviceViewController.m */ = {isa = PBXFileReference; fileEncoding = 4; lastKnownFileType = sourcecode.c.objc; path = SHAddDeviceViewController.m; sourceTree = "<group>"; };
		A5A6A3A01B2CBB5F00C3A0CB /* SHAddModel.h */ = {isa = PBXFileReference; fileEncoding = 4; lastKnownFileType = sourcecode.c.h; path = SHAddModel.h; sourceTree = "<group>"; };
		A5A6A3A11B2CBB5F00C3A0CB /* SHAddModel.m */ = {isa = PBXFileReference; fileEncoding = 4; lastKnownFileType = sourcecode.c.objc; path = SHAddModel.m; sourceTree = "<group>"; };
		A5A6A3A21B2CBB5F00C3A0CB /* SHManuallyAddController.h */ = {isa = PBXFileReference; fileEncoding = 4; lastKnownFileType = sourcecode.c.h; path = SHManuallyAddController.h; sourceTree = "<group>"; };
		A5A6A3A31B2CBB5F00C3A0CB /* SHManuallyAddController.m */ = {isa = PBXFileReference; fileEncoding = 4; lastKnownFileType = sourcecode.c.objc; path = SHManuallyAddController.m; sourceTree = "<group>"; };
		A5A6A3A41B2CBB5F00C3A0CB /* SHScanViewController.h */ = {isa = PBXFileReference; fileEncoding = 4; lastKnownFileType = sourcecode.c.h; path = SHScanViewController.h; sourceTree = "<group>"; };
		A5A6A3A51B2CBB5F00C3A0CB /* SHScanViewController.m */ = {isa = PBXFileReference; fileEncoding = 4; lastKnownFileType = sourcecode.c.objc; path = SHScanViewController.m; sourceTree = "<group>"; };
		A5A6A3AC1B2CBB8400C3A0CB /* SHSelectDeviceCell.h */ = {isa = PBXFileReference; fileEncoding = 4; lastKnownFileType = sourcecode.c.h; path = SHSelectDeviceCell.h; sourceTree = "<group>"; };
		A5A6A3AD1B2CBB8400C3A0CB /* SHSelectDeviceCell.m */ = {isa = PBXFileReference; fileEncoding = 4; lastKnownFileType = sourcecode.c.objc; path = SHSelectDeviceCell.m; sourceTree = "<group>"; };
		A5A6A3AE1B2CBB8400C3A0CB /* SHSelectDeviceCell.xib */ = {isa = PBXFileReference; fileEncoding = 4; lastKnownFileType = file.xib; path = SHSelectDeviceCell.xib; sourceTree = "<group>"; };
		A5A6A3AF1B2CBB8400C3A0CB /* SHSelectDeviceModel.h */ = {isa = PBXFileReference; fileEncoding = 4; lastKnownFileType = sourcecode.c.h; path = SHSelectDeviceModel.h; sourceTree = "<group>"; };
		A5A6A3B01B2CBB8400C3A0CB /* SHSelectDeviceModel.m */ = {isa = PBXFileReference; fileEncoding = 4; lastKnownFileType = sourcecode.c.objc; path = SHSelectDeviceModel.m; sourceTree = "<group>"; };
		A5A6A3B11B2CBB8400C3A0CB /* SHSelectViewController.h */ = {isa = PBXFileReference; fileEncoding = 4; lastKnownFileType = sourcecode.c.h; path = SHSelectViewController.h; sourceTree = "<group>"; };
		A5A6A3B21B2CBB8400C3A0CB /* SHSelectViewController.m */ = {isa = PBXFileReference; fileEncoding = 4; lastKnownFileType = sourcecode.c.objc; path = SHSelectViewController.m; sourceTree = "<group>"; };
		A5BD072D1B56A7F5005F0E1D /* LeftSideBarViewController.h */ = {isa = PBXFileReference; fileEncoding = 4; lastKnownFileType = sourcecode.c.h; path = LeftSideBarViewController.h; sourceTree = "<group>"; };
		A5BD072E1B56A7F5005F0E1D /* LeftSideBarViewController.m */ = {isa = PBXFileReference; fileEncoding = 4; lastKnownFileType = sourcecode.c.objc; path = LeftSideBarViewController.m; sourceTree = "<group>"; };
		A5BD072F1B56A7F5005F0E1D /* SHSideModel.h */ = {isa = PBXFileReference; fileEncoding = 4; lastKnownFileType = sourcecode.c.h; path = SHSideModel.h; sourceTree = "<group>"; };
		A5BD07301B56A7F5005F0E1D /* SHSideModel.m */ = {isa = PBXFileReference; fileEncoding = 4; lastKnownFileType = sourcecode.c.objc; path = SHSideModel.m; sourceTree = "<group>"; };
		A5BD07341B56A7F5005F0E1D /* SideBarSelectedDelegate.h */ = {isa = PBXFileReference; fileEncoding = 4; lastKnownFileType = sourcecode.c.h; path = SideBarSelectedDelegate.h; sourceTree = "<group>"; };
		A5BD07351B56A7F5005F0E1D /* SidebarViewController.h */ = {isa = PBXFileReference; fileEncoding = 4; lastKnownFileType = sourcecode.c.h; path = SidebarViewController.h; sourceTree = "<group>"; };
		A5BD07361B56A7F5005F0E1D /* SidebarViewController.m */ = {isa = PBXFileReference; fileEncoding = 4; lastKnownFileType = sourcecode.c.objc; path = SidebarViewController.m; sourceTree = "<group>"; };
		A5BD07371B56A7F5005F0E1D /* SidebarViewController.xib */ = {isa = PBXFileReference; fileEncoding = 4; lastKnownFileType = file.xib; path = SidebarViewController.xib; sourceTree = "<group>"; };
		A5C009D01B1CA33F004CAA23 /* SmartHome.app */ = {isa = PBXFileReference; explicitFileType = wrapper.application; includeInIndex = 0; path = SmartHome.app; sourceTree = BUILT_PRODUCTS_DIR; };
		A5C009D41B1CA33F004CAA23 /* Info.plist */ = {isa = PBXFileReference; lastKnownFileType = text.plist.xml; path = Info.plist; sourceTree = "<group>"; };
		A5C009D51B1CA33F004CAA23 /* main.m */ = {isa = PBXFileReference; lastKnownFileType = sourcecode.c.objc; path = main.m; sourceTree = "<group>"; };
		A5C009D71B1CA33F004CAA23 /* AppDelegate.h */ = {isa = PBXFileReference; lastKnownFileType = sourcecode.c.h; path = AppDelegate.h; sourceTree = "<group>"; };
		A5C009D81B1CA33F004CAA23 /* AppDelegate.m */ = {isa = PBXFileReference; lastKnownFileType = sourcecode.c.objc; path = AppDelegate.m; sourceTree = "<group>"; };
		A5C009E01B1CA33F004CAA23 /* Images.xcassets */ = {isa = PBXFileReference; lastKnownFileType = folder.assetcatalog; path = Images.xcassets; sourceTree = "<group>"; };
		A5C009E31B1CA33F004CAA23 /* Base */ = {isa = PBXFileReference; lastKnownFileType = file.xib; name = Base; path = Base.lproj/LaunchScreen.xib; sourceTree = "<group>"; };
		A5C009E91B1CA33F004CAA23 /* SmartHomeTests.xctest */ = {isa = PBXFileReference; explicitFileType = wrapper.cfbundle; includeInIndex = 0; path = SmartHomeTests.xctest; sourceTree = BUILT_PRODUCTS_DIR; };
		A5C009EE1B1CA33F004CAA23 /* Info.plist */ = {isa = PBXFileReference; lastKnownFileType = text.plist.xml; path = Info.plist; sourceTree = "<group>"; };
		A5C009EF1B1CA33F004CAA23 /* SmartHomeTests.m */ = {isa = PBXFileReference; lastKnownFileType = sourcecode.c.objc; path = SmartHomeTests.m; sourceTree = "<group>"; };
		A5C009FB1B1CA46E004CAA23 /* SHBaseViewController.h */ = {isa = PBXFileReference; fileEncoding = 4; lastKnownFileType = sourcecode.c.h; name = SHBaseViewController.h; path = ../SHBaseViewController.h; sourceTree = "<group>"; };
		A5C009FC1B1CA46E004CAA23 /* SHBaseViewController.m */ = {isa = PBXFileReference; fileEncoding = 4; lastKnownFileType = sourcecode.c.objc; name = SHBaseViewController.m; path = ../SHBaseViewController.m; sourceTree = "<group>"; };
		A5C009FE1B1CA49A004CAA23 /* SHNavigationController.h */ = {isa = PBXFileReference; fileEncoding = 4; lastKnownFileType = sourcecode.c.h; name = SHNavigationController.h; path = ../SHNavigationController.h; sourceTree = "<group>"; };
		A5C009FF1B1CA49A004CAA23 /* SHNavigationController.m */ = {isa = PBXFileReference; fileEncoding = 4; lastKnownFileType = sourcecode.c.objc; name = SHNavigationController.m; path = ../SHNavigationController.m; sourceTree = "<group>"; };
		A5C00A071B1CA5A9004CAA23 /* SHTableViewCell.h */ = {isa = PBXFileReference; fileEncoding = 4; lastKnownFileType = sourcecode.c.h; path = SHTableViewCell.h; sourceTree = "<group>"; };
		A5C00A081B1CA5A9004CAA23 /* SHTableViewCell.m */ = {isa = PBXFileReference; fileEncoding = 4; lastKnownFileType = sourcecode.c.objc; path = SHTableViewCell.m; sourceTree = "<group>"; };
		A5C00A0F1B1CA7D1004CAA23 /* SHHomeViewController.h */ = {isa = PBXFileReference; fileEncoding = 4; lastKnownFileType = sourcecode.c.h; path = SHHomeViewController.h; sourceTree = "<group>"; };
		A5C00A101B1CA7D1004CAA23 /* SHHomeViewController.m */ = {isa = PBXFileReference; fileEncoding = 4; lastKnownFileType = sourcecode.c.objc; path = SHHomeViewController.m; sourceTree = "<group>"; };
		A5C00A121B1CA7E4004CAA23 /* SHSetingViewController.h */ = {isa = PBXFileReference; fileEncoding = 4; lastKnownFileType = sourcecode.c.h; path = SHSetingViewController.h; sourceTree = "<group>"; };
		A5C00A131B1CA7E4004CAA23 /* SHSetingViewController.m */ = {isa = PBXFileReference; fileEncoding = 4; lastKnownFileType = sourcecode.c.objc; path = SHSetingViewController.m; sourceTree = "<group>"; };
		A5C00A191B1CA889004CAA23 /* SHMessageViewController.h */ = {isa = PBXFileReference; fileEncoding = 4; lastKnownFileType = sourcecode.c.h; path = SHMessageViewController.h; sourceTree = "<group>"; };
		A5C00A1A1B1CA889004CAA23 /* SHMessageViewController.m */ = {isa = PBXFileReference; fileEncoding = 4; lastKnownFileType = sourcecode.c.objc; path = SHMessageViewController.m; sourceTree = "<group>"; };
		A5C00A2D1B1CAF34004CAA23 /* UIColor+SHColor.h */ = {isa = PBXFileReference; fileEncoding = 4; lastKnownFileType = sourcecode.c.h; path = "UIColor+SHColor.h"; sourceTree = "<group>"; };
		A5C00A2E1B1CAF34004CAA23 /* UIColor+SHColor.m */ = {isa = PBXFileReference; fileEncoding = 4; lastKnownFileType = sourcecode.c.objc; path = "UIColor+SHColor.m"; sourceTree = "<group>"; };
		A5C00A321B1CB13C004CAA23 /* SmartHome.pch */ = {isa = PBXFileReference; lastKnownFileType = sourcecode.c.h; path = SmartHome.pch; sourceTree = "<group>"; };
		A5FDD9541B27518200DAAD90 /* NSRoomModel.h */ = {isa = PBXFileReference; fileEncoding = 4; lastKnownFileType = sourcecode.c.h; path = NSRoomModel.h; sourceTree = "<group>"; };
		A5FDD9551B27518200DAAD90 /* NSRoomModel.m */ = {isa = PBXFileReference; fileEncoding = 4; lastKnownFileType = sourcecode.c.objc; path = NSRoomModel.m; sourceTree = "<group>"; };
		A5FDD9571B2751C100DAAD90 /* NSSceneModel.h */ = {isa = PBXFileReference; fileEncoding = 4; lastKnownFileType = sourcecode.c.h; path = NSSceneModel.h; sourceTree = "<group>"; };
		A5FDD9581B2751C100DAAD90 /* NSSceneModel.m */ = {isa = PBXFileReference; fileEncoding = 4; lastKnownFileType = sourcecode.c.objc; path = NSSceneModel.m; sourceTree = "<group>"; };
		A5FDD95A1B27522400DAAD90 /* NSDeviceModel.h */ = {isa = PBXFileReference; fileEncoding = 4; lastKnownFileType = sourcecode.c.h; path = NSDeviceModel.h; sourceTree = "<group>"; };
		A5FDD95B1B27522400DAAD90 /* NSDeviceModel.m */ = {isa = PBXFileReference; fileEncoding = 4; lastKnownFileType = sourcecode.c.objc; path = NSDeviceModel.m; sourceTree = "<group>"; };
		A5FDD95D1B27527500DAAD90 /* NSDataBaseMethod.h */ = {isa = PBXFileReference; fileEncoding = 4; lastKnownFileType = sourcecode.c.h; name = NSDataBaseMethod.h; path = ../../../Module/DataModel/NSDataBaseMethod.h; sourceTree = "<group>"; };
		A5FDD95F1B2756E100DAAD90 /* SHDataManager.h */ = {isa = PBXFileReference; fileEncoding = 4; lastKnownFileType = sourcecode.c.h; path = SHDataManager.h; sourceTree = "<group>"; };
		A5FDD9601B2756E100DAAD90 /* SHDataManager.m */ = {isa = PBXFileReference; fileEncoding = 4; lastKnownFileType = sourcecode.c.objc; path = SHDataManager.m; sourceTree = "<group>"; };
/* End PBXFileReference section */

/* Begin PBXFrameworksBuildPhase section */
		A5C009CD1B1CA33F004CAA23 /* Frameworks */ = {
			isa = PBXFrameworksBuildPhase;
			buildActionMask = 2147483647;
			files = (
				A5096B761B1DF1F6005ABF68 /* libsqlite3.0.dylib in Frameworks */,
			);
			runOnlyForDeploymentPostprocessing = 0;
		};
		A5C009E61B1CA33F004CAA23 /* Frameworks */ = {
			isa = PBXFrameworksBuildPhase;
			buildActionMask = 2147483647;
			files = (
			);
			runOnlyForDeploymentPostprocessing = 0;
		};
/* End PBXFrameworksBuildPhase section */

/* Begin PBXGroup section */
		04BFB6361BA6778000EF51D8 /* images */ = {
			isa = PBXGroup;
			children = (
				04BFB6A91BA6C9A900EF51D8 /* login */,
				04BFB6681BA679BD00EF51D8 /* navagation */,
				04BFB6671BA6785500EF51D8 /* device */,
				04BFB6661BA6783D00EF51D8 /* room */,
				04BFB6651BA6783200EF51D8 /* scence */,
				04BFB6641BA677E100EF51D8 /* menuItem */,
				04BFB6371BA6779200EF51D8 /* RemoteImages */,
			);
			name = images;
			path = ../images;
			sourceTree = "<group>";
		};
		04BFB6371BA6779200EF51D8 /* RemoteImages */ = {
			isa = PBXGroup;
			children = (
				04BFB6381BA6779200EF51D8 /* 0BtnImage.png */,
				04BFB6391BA6779200EF51D8 /* 1BtnImage.png */,
				04BFB63A1BA6779200EF51D8 /* 2BtnImage.png */,
				04BFB63B1BA6779200EF51D8 /* 3BtnImage.png */,
				04BFB63C1BA6779200EF51D8 /* 4BtnImage.png */,
				04BFB63D1BA6779200EF51D8 /* 5BtnImage.png */,
				04BFB63E1BA6779200EF51D8 /* 6BtnImage.png */,
				04BFB63F1BA6779200EF51D8 /* 7BtnImage.png */,
				04BFB6401BA6779200EF51D8 /* 8BtnImage.png */,
				04BFB6411BA6779200EF51D8 /* 9BtnImage.png */,
				04BFB6421BA6779200EF51D8 /* BACKBtnImage.png */,
				04BFB6431BA6779200EF51D8 /* DOWNBtn.png */,
				04BFB6441BA6779200EF51D8 /* MODEBtnImage.png */,
				04BFB6451BA6779200EF51D8 /* MUTEBtnImage.png */,
				04BFB6461BA6779200EF51D8 /* ONOFFBtnImage.png */,
				04BFB6471BA6779200EF51D8 /* PLUSBtnImage.png */,
				04BFB6481BA6779200EF51D8 /* RemoteBackgroundImage.png */,
				04BFB6491BA6779200EF51D8 /* SUBBtnImage.png */,
				04BFB64A1BA6779200EF51D8 /* TVAVBtnImage.png */,
				04BFB64B1BA6779200EF51D8 /* UPBtnImage.png */,
				04BFB64C1BA6779200EF51D8 /* USER1BtnImage.png */,
				04BFB64D1BA6779200EF51D8 /* USER2BtnImage.png */,
			);
			path = RemoteImages;
			sourceTree = "<group>";
		};
		04BFB6641BA677E100EF51D8 /* menuItem */ = {
			isa = PBXGroup;
			children = (
				04BFB6691BA69E2300EF51D8 /* menuItem1.png */,
				04BFB66A1BA69E2400EF51D8 /* menuItem2.png */,
				04BFB66B1BA69E2400EF51D8 /* menuItem3.png */,
				04BFB66C1BA69E2400EF51D8 /* menuItem4.png */,
				04BFB66D1BA69E2400EF51D8 /* menuItem5.png */,
				04BFB66E1BA69E2400EF51D8 /* menuItem6.png */,
			);
			path = menuItem;
			sourceTree = "<group>";
		};
		04BFB6651BA6783200EF51D8 /* scence */ = {
			isa = PBXGroup;
			children = (
			);
			path = scence;
			sourceTree = "<group>";
		};
		04BFB6661BA6783D00EF51D8 /* room */ = {
			isa = PBXGroup;
			children = (
			);
			path = room;
			sourceTree = "<group>";
		};
		04BFB6671BA6785500EF51D8 /* device */ = {
			isa = PBXGroup;
			children = (
			);
			path = device;
			sourceTree = "<group>";
		};
		04BFB6681BA679BD00EF51D8 /* navagation */ = {
			isa = PBXGroup;
			children = (
			);
			path = navagation;
			sourceTree = "<group>";
		};
		04BFB6781BA6B18000EF51D8 /* AFNetworking */ = {
			isa = PBXGroup;
			children = (
				04BFB6791BA6B18000EF51D8 /* AFHTTPRequestOperation.h */,
				04BFB67A1BA6B18000EF51D8 /* AFHTTPRequestOperation.m */,
				04BFB67B1BA6B18000EF51D8 /* AFHTTPRequestOperationManager.h */,
				04BFB67C1BA6B18000EF51D8 /* AFHTTPRequestOperationManager.m */,
				04BFB67D1BA6B18000EF51D8 /* AFHTTPSessionManager.h */,
				04BFB67E1BA6B18000EF51D8 /* AFHTTPSessionManager.m */,
				04BFB67F1BA6B18000EF51D8 /* AFNetworking.h */,
				04BFB6801BA6B18000EF51D8 /* AFNetworkReachabilityManager.h */,
				04BFB6811BA6B18000EF51D8 /* AFNetworkReachabilityManager.m */,
				04BFB6821BA6B18000EF51D8 /* AFSecurityPolicy.h */,
				04BFB6831BA6B18000EF51D8 /* AFSecurityPolicy.m */,
				04BFB6841BA6B18000EF51D8 /* AFURLConnectionOperation.h */,
				04BFB6851BA6B18000EF51D8 /* AFURLConnectionOperation.m */,
				04BFB6861BA6B18000EF51D8 /* AFURLRequestSerialization.h */,
				04BFB6871BA6B18000EF51D8 /* AFURLRequestSerialization.m */,
				04BFB6881BA6B18000EF51D8 /* AFURLResponseSerialization.h */,
				04BFB6891BA6B18000EF51D8 /* AFURLResponseSerialization.m */,
				04BFB68A1BA6B18000EF51D8 /* AFURLSessionManager.h */,
				04BFB68B1BA6B18000EF51D8 /* AFURLSessionManager.m */,
			);
			path = AFNetworking;
			sourceTree = "<group>";
		};
		04BFB6951BA6B26700EF51D8 /* Manager */ = {
			isa = PBXGroup;
			children = (
			);
			path = Manager;
			sourceTree = "<group>";
		};
		04BFB6961BA6B6A900EF51D8 /* Login */ = {
			isa = PBXGroup;
			children = (
				04BFB6971BA6B6F300EF51D8 /* SHLoginController.h */,
				04BFB6981BA6B6F300EF51D8 /* SHLoginController.m */,
				04BFB6991BA6B6F300EF51D8 /* SHLoginController.xib */,
				04BFB69C1BA6B70E00EF51D8 /* SHRegisterController.h */,
				04BFB69D1BA6B70E00EF51D8 /* SHRegisterController.m */,
				04BFB69E1BA6B70E00EF51D8 /* SHRegisterController.xib */,
				04BFB6A11BA6B72100EF51D8 /* SHForgetPasswordController.h */,
				04BFB6A21BA6B72100EF51D8 /* SHForgetPasswordController.m */,
				04BFB6A31BA6B72100EF51D8 /* SHForgetPasswordController.xib */,
			);
			path = Login;
			sourceTree = "<group>";
		};
		04BFB6A91BA6C9A900EF51D8 /* login */ = {
			isa = PBXGroup;
			children = (
				04BFB6CF1BA6D08700EF51D8 /* ver_bg.png */,
				04BFB6AA1BA6C9BA00EF51D8 /* acc_bg.png */,
				04BFB6AB1BA6C9BA00EF51D8 /* psw_bg.png */,
			);
			path = login;
			sourceTree = "<group>";
		};
		04BFB6AE1BA6CDEE00EF51D8 /* IQKeyBoardManager */ = {
			isa = PBXGroup;
			children = (
				04BFB6AF1BA6CDEE00EF51D8 /* IQKeyboardManager.bundle */,
				04BFB6B01BA6CDEE00EF51D8 /* IQKeyboardManager.h */,
				04BFB6B11BA6CDEE00EF51D8 /* IQKeyboardManager.m */,
				04BFB6B21BA6CDEE00EF51D8 /* IQKeyboardManagerConstants.h */,
				04BFB6B31BA6CDEE00EF51D8 /* IQKeyboardManagerConstantsInternal.h */,
				04BFB6B41BA6CDEE00EF51D8 /* IQSegmentedNextPrevious.h */,
				04BFB6B51BA6CDEE00EF51D8 /* IQSegmentedNextPrevious.m */,
				04BFB6B61BA6CDEE00EF51D8 /* IQTextView.h */,
				04BFB6B71BA6CDEE00EF51D8 /* IQTextView.m */,
				04BFB6B81BA6CDEE00EF51D8 /* IQTitleBarButtonItem.h */,
				04BFB6B91BA6CDEE00EF51D8 /* IQTitleBarButtonItem.m */,
				04BFB6BA1BA6CDEE00EF51D8 /* IQToolbar.h */,
				04BFB6BB1BA6CDEE00EF51D8 /* IQToolbar.m */,
				04BFB6BC1BA6CDEE00EF51D8 /* KeyboardManager.h */,
				04BFB6BD1BA6CDEE00EF51D8 /* NSArray+Sort.h */,
				04BFB6BE1BA6CDEE00EF51D8 /* NSArray+Sort.m */,
				04BFB6BF1BA6CDEE00EF51D8 /* UIView+Hierarchy.h */,
				04BFB6C01BA6CDEE00EF51D8 /* UIView+Hierarchy.m */,
				04BFB6C11BA6CDEE00EF51D8 /* UIView+IQKeyboardToolbar.h */,
				04BFB6C21BA6CDEE00EF51D8 /* UIView+IQKeyboardToolbar.m */,
				04BFB6C31BA6CDEE00EF51D8 /* UIWindow+Hierarchy.h */,
				04BFB6C41BA6CDEE00EF51D8 /* UIWindow+Hierarchy.m */,
			);
			path = IQKeyBoardManager;
			sourceTree = "<group>";
		};
		A500D6DF1B2C9B4300C8E2C1 /* DeviceControl */ = {
			isa = PBXGroup;
			children = (
				A500D6E01B2C9B9100C8E2C1 /* SHTVControlController.h */,
				A500D6E11B2C9B9100C8E2C1 /* SHTVControlController.m */,
				A500D6E61B2C9DC400C8E2C1 /* SHTVControlView.h */,
				A500D6E71B2C9DC400C8E2C1 /* SHTVControlView.m */,
				A500D6E31B2C9BBA00C8E2C1 /* SHAirconditionController.h */,
				A500D6E41B2C9BBA00C8E2C1 /* SHAirconditionController.m */,
				A500D6E91B2C9DE800C8E2C1 /* SHAircondationView.h */,
				A500D6EA1B2C9DE800C8E2C1 /* SHAircondationView.m */,
			);
			path = DeviceControl;
			sourceTree = "<group>";
		};
		A5096B591B1DF159005ABF68 /* Meap */ = {
			isa = PBXGroup;
			children = (
				A5096B5A1B1DF171005ABF68 /* FMDB */,
				A5096B661B1DF171005ABF68 /* NSMeapDBManagement */,
			);
			path = Meap;
			sourceTree = "<group>";
		};
		A5096B5A1B1DF171005ABF68 /* FMDB */ = {
			isa = PBXGroup;
			children = (
				A5096B5B1B1DF171005ABF68 /* YYFMDatabase.h */,
				A5096B5C1B1DF171005ABF68 /* YYFMDatabase.m */,
				A5096B5D1B1DF171005ABF68 /* YYFMDatabaseAdditions.h */,
				A5096B5E1B1DF171005ABF68 /* YYFMDatabaseAdditions.m */,
				A5096B5F1B1DF171005ABF68 /* YYFMDatabasePool.h */,
				A5096B601B1DF171005ABF68 /* YYFMDatabasePool.m */,
				A5096B611B1DF171005ABF68 /* YYFMDatabaseQueue.h */,
				A5096B621B1DF171005ABF68 /* YYFMDatabaseQueue.m */,
				A5096B631B1DF171005ABF68 /* YYFMDBHeader.h */,
				A5096B641B1DF171005ABF68 /* YYFMResultSet.h */,
				A5096B651B1DF171005ABF68 /* YYFMResultSet.m */,
			);
			path = FMDB;
			sourceTree = "<group>";
		};
		A5096B661B1DF171005ABF68 /* NSMeapDBManagement */ = {
			isa = PBXGroup;
			children = (
				A5096B671B1DF171005ABF68 /* NSMeapDB.h */,
				A5096B681B1DF171005ABF68 /* NSMeapDB.m */,
				A5096B691B1DF171005ABF68 /* NSMeapDBBaseObject.h */,
				A5096B6A1B1DF171005ABF68 /* NSMeapDBBaseObject.m */,
				A5096B6B1B1DF171005ABF68 /* NSMeapSqlHanldler.h */,
				A5096B6C1B1DF171005ABF68 /* NSMeapSqlHanldler.m */,
				A5FDD95D1B27527500DAAD90 /* NSDataBaseMethod.h */,
			);
			path = NSMeapDBManagement;
			sourceTree = "<group>";
		};
		A5096B771B1DF26E005ABF68 /* Room */ = {
			isa = PBXGroup;
			children = (
				A5096B7C1B1DF2BE005ABF68 /* SHRoomViewController.h */,
				A5096B7D1B1DF2BE005ABF68 /* SHRoomViewController.m */,
				A5096B821B1DF633005ABF68 /* SHRoomTableViewCell.h */,
				A5096B831B1DF633005ABF68 /* SHRoomTableViewCell.m */,
				A50A98171B25DDB40082DD58 /* SHRoomTableViewCell.xib */,
				A53482141B20894D00324B48 /* SHRoomSetingViewController.h */,
				A53482151B20894D00324B48 /* SHRoomSetingViewController.m */,
				A560E3291B28B59800445A89 /* SHPickerView.h */,
				A560E32A1B28B59800445A89 /* SHPickerView.m */,
				A53482171B2090B000324B48 /* SHRootSetingViewCell.h */,
				A53482181B2090B000324B48 /* SHRootSetingViewCell.m */,
				A560E3261B28A02100445A89 /* SHRootSetingViewCell.xib */,
				A534821D1B20924000324B48 /* SHRoomSetingModel.h */,
				A534821E1B20924000324B48 /* SHRoomSetingModel.m */,
			);
			path = Room;
			sourceTree = "<group>";
		};
		A5096B781B1DF28D005ABF68 /* Scence */ = {
			isa = PBXGroup;
			children = (
				A5096B791B1DF2AF005ABF68 /* SHSceneViewController.h */,
				A5096B7A1B1DF2AF005ABF68 /* SHSceneViewController.m */,
				A5096B851B1DF66F005ABF68 /* SHSceneTableViewCell.h */,
				A5096B861B1DF66F005ABF68 /* SHSceneTableViewCell.m */,
				A50A98151B25DB360082DD58 /* SHSceneTableViewCell.xib */,
				A50A98191B25F7620082DD58 /* SHSceneSetingController.h */,
				A50A981A1B25F7620082DD58 /* SHSceneSetingController.m */,
			);
			path = Scence;
			sourceTree = "<group>";
		};
		A50A8FFE1B25C4D10082DD58 /* Device */ = {
			isa = PBXGroup;
			children = (
				A5A6A39A1B2CBB1700C3A0CB /* SelectDevice */,
				A5A6A3991B2CBB0700C3A0CB /* AddDevice */,
				A500D6DF1B2C9B4300C8E2C1 /* DeviceControl */,
				A50A8FFF1B25C4EA0082DD58 /* SHDeviceViewController.h */,
				A50A90001B25C4EA0082DD58 /* SHDeviceViewController.m */,
				A50A900A1B25C85D0082DD58 /* SHDeviceCell.h */,
				A50A900B1B25C85D0082DD58 /* SHDeviceCell.m */,
				A50A900D1B25C8940082DD58 /* SHDeviceCell.xib */,
			);
			path = Device;
			sourceTree = "<group>";
		};
		A5A6A3991B2CBB0700C3A0CB /* AddDevice */ = {
			isa = PBXGroup;
			children = (
				A5A6A39B1B2CBB5F00C3A0CB /* SHAddCell.h */,
				A5A6A39C1B2CBB5F00C3A0CB /* SHAddCell.m */,
				A5A6A39D1B2CBB5F00C3A0CB /* SHAddCell.xib */,
				A5A6A39E1B2CBB5F00C3A0CB /* SHAddDeviceViewController.h */,
				A5A6A39F1B2CBB5F00C3A0CB /* SHAddDeviceViewController.m */,
				A5A6A3A01B2CBB5F00C3A0CB /* SHAddModel.h */,
				A5A6A3A11B2CBB5F00C3A0CB /* SHAddModel.m */,
				A5A6A3A21B2CBB5F00C3A0CB /* SHManuallyAddController.h */,
				A5A6A3A31B2CBB5F00C3A0CB /* SHManuallyAddController.m */,
				A5A6A3A41B2CBB5F00C3A0CB /* SHScanViewController.h */,
				A5A6A3A51B2CBB5F00C3A0CB /* SHScanViewController.m */,
			);
			path = AddDevice;
			sourceTree = "<group>";
		};
		A5A6A39A1B2CBB1700C3A0CB /* SelectDevice */ = {
			isa = PBXGroup;
			children = (
				A5A6A3AC1B2CBB8400C3A0CB /* SHSelectDeviceCell.h */,
				A5A6A3AD1B2CBB8400C3A0CB /* SHSelectDeviceCell.m */,
				A5A6A3AE1B2CBB8400C3A0CB /* SHSelectDeviceCell.xib */,
				A5A6A3AF1B2CBB8400C3A0CB /* SHSelectDeviceModel.h */,
				A5A6A3B01B2CBB8400C3A0CB /* SHSelectDeviceModel.m */,
				A5A6A3B11B2CBB8400C3A0CB /* SHSelectViewController.h */,
				A5A6A3B21B2CBB8400C3A0CB /* SHSelectViewController.m */,
			);
			path = SelectDevice;
			sourceTree = "<group>";
		};
		A5BD072C1B56A7F5005F0E1D /* Sidebar */ = {
			isa = PBXGroup;
			children = (
				A5BD072D1B56A7F5005F0E1D /* LeftSideBarViewController.h */,
				A5BD072E1B56A7F5005F0E1D /* LeftSideBarViewController.m */,
				A5BD072F1B56A7F5005F0E1D /* SHSideModel.h */,
				A5BD07301B56A7F5005F0E1D /* SHSideModel.m */,
				04BFB62F1BA674AA00EF51D8 /* SHSideTableViewCell.h */,
				04BFB6301BA674AA00EF51D8 /* SHSideTableViewCell.m */,
				04BFB6311BA674AA00EF51D8 /* SHSideTableViewCell.xib */,
				A5BD07341B56A7F5005F0E1D /* SideBarSelectedDelegate.h */,
				A5BD07351B56A7F5005F0E1D /* SidebarViewController.h */,
				A5BD07361B56A7F5005F0E1D /* SidebarViewController.m */,
				A5BD07371B56A7F5005F0E1D /* SidebarViewController.xib */,
			);
			path = Sidebar;
			sourceTree = "<group>";
		};
		A5C009C71B1CA33F004CAA23 = {
			isa = PBXGroup;
			children = (
				A5C009D21B1CA33F004CAA23 /* SmartHome */,
				A5C009EC1B1CA33F004CAA23 /* SmartHomeTests */,
				A5C009D11B1CA33F004CAA23 /* Products */,
			);
			sourceTree = "<group>";
		};
		A5C009D11B1CA33F004CAA23 /* Products */ = {
			isa = PBXGroup;
			children = (
				A5C009D01B1CA33F004CAA23 /* SmartHome.app */,
				A5C009E91B1CA33F004CAA23 /* SmartHomeTests.xctest */,
			);
			name = Products;
			sourceTree = "<group>";
		};
		A5C009D21B1CA33F004CAA23 /* SmartHome */ = {
			isa = PBXGroup;
			children = (
				04BFB6961BA6B6A900EF51D8 /* Login */,
				A5BD072C1B56A7F5005F0E1D /* Sidebar */,
				A50A8FFE1B25C4D10082DD58 /* Device */,
				A5C009D71B1CA33F004CAA23 /* AppDelegate.h */,
				A5C009D81B1CA33F004CAA23 /* AppDelegate.m */,
				04BFB6951BA6B26700EF51D8 /* Manager */,
				A5C00A041B1CA539004CAA23 /* Base */,
				A5096B781B1DF28D005ABF68 /* Scence */,
				A5096B771B1DF26E005ABF68 /* Room */,
				A5C00A151B1CA837004CAA23 /* Message */,
				A5C00A0E1B1CA770004CAA23 /* Seting */,
				A5C00A0D1B1CA75D004CAA23 /* Home */,
				A5C00A1C1B1CA946004CAA23 /* Tool */,
				A5C00A281B1CAD7B004CAA23 /* Model */,
				A5C00A2C1B1CAED5004CAA23 /* Categorys */,
				A5C00A0A1B1CA5F4004CAA23 /* Module */,
				A5C00A061B1CA573004CAA23 /* Improt */,
				A5C009E01B1CA33F004CAA23 /* Images.xcassets */,
				A5C009E21B1CA33F004CAA23 /* LaunchScreen.xib */,
				A5C009D31B1CA33F004CAA23 /* Supporting Files */,
			);
			path = SmartHome;
			sourceTree = "<group>";
		};
		A5C009D31B1CA33F004CAA23 /* Supporting Files */ = {
			isa = PBXGroup;
			children = (
				A5C009D41B1CA33F004CAA23 /* Info.plist */,
				A5C009D51B1CA33F004CAA23 /* main.m */,
				A5C00A321B1CB13C004CAA23 /* SmartHome.pch */,
				04BFB6341BA675F000EF51D8 /* IconImage.plist */,
			);
			name = "Supporting Files";
			sourceTree = "<group>";
		};
		A5C009EC1B1CA33F004CAA23 /* SmartHomeTests */ = {
			isa = PBXGroup;
			children = (
				A5C009EF1B1CA33F004CAA23 /* SmartHomeTests.m */,
				A5C009ED1B1CA33F004CAA23 /* Supporting Files */,
			);
			path = SmartHomeTests;
			sourceTree = "<group>";
		};
		A5C009ED1B1CA33F004CAA23 /* Supporting Files */ = {
			isa = PBXGroup;
			children = (
				A5C009EE1B1CA33F004CAA23 /* Info.plist */,
			);
			name = "Supporting Files";
			sourceTree = "<group>";
		};
		A5C00A041B1CA539004CAA23 /* Base */ = {
			isa = PBXGroup;
			children = (
				A5C009FB1B1CA46E004CAA23 /* SHBaseViewController.h */,
				A5C009FC1B1CA46E004CAA23 /* SHBaseViewController.m */,
				A5C009FE1B1CA49A004CAA23 /* SHNavigationController.h */,
				A5C009FF1B1CA49A004CAA23 /* SHNavigationController.m */,
				A5C00A071B1CA5A9004CAA23 /* SHTableViewCell.h */,
				A5C00A081B1CA5A9004CAA23 /* SHTableViewCell.m */,
			);
			path = Base;
			sourceTree = "<group>";
		};
		A5C00A061B1CA573004CAA23 /* Improt */ = {
			isa = PBXGroup;
			children = (
				04BFB6AE1BA6CDEE00EF51D8 /* IQKeyBoardManager */,
				04BFB6361BA6778000EF51D8 /* images */,
				04BFB6781BA6B18000EF51D8 /* AFNetworking */,
				A5096B751B1DF1F6005ABF68 /* libsqlite3.0.dylib */,
				A5096B591B1DF159005ABF68 /* Meap */,
			);
			path = Improt;
			sourceTree = "<group>";
		};
		A5C00A0A1B1CA5F4004CAA23 /* Module */ = {
			isa = PBXGroup;
			children = (
				A5FDD9531B27516A00DAAD90 /* Connect */,
				A5FDD9521B27515200DAAD90 /* DataModel */,
			);
			path = Module;
			sourceTree = "<group>";
		};
		A5C00A0D1B1CA75D004CAA23 /* Home */ = {
			isa = PBXGroup;
			children = (
				A5C00A0F1B1CA7D1004CAA23 /* SHHomeViewController.h */,
				A5C00A101B1CA7D1004CAA23 /* SHHomeViewController.m */,
			);
			path = Home;
			sourceTree = "<group>";
		};
		A5C00A0E1B1CA770004CAA23 /* Seting */ = {
			isa = PBXGroup;
			children = (
				A5C00A121B1CA7E4004CAA23 /* SHSetingViewController.h */,
				A5C00A131B1CA7E4004CAA23 /* SHSetingViewController.m */,
				A500D6C71B2C789100C8E2C1 /* SHSetingModel.h */,
				A500D6C81B2C789100C8E2C1 /* SHSetingModel.m */,
				A500D6CA1B2C78A900C8E2C1 /* SHSetingCell.h */,
				A500D6CB1B2C78A900C8E2C1 /* SHSetingCell.m */,
				A500D6CD1B2C78BC00C8E2C1 /* SHSetingCell.xib */,
				A500D6CF1B2C7CEB00C8E2C1 /* SHChangePasswordController.h */,
				A500D6D01B2C7CEB00C8E2C1 /* SHChangePasswordController.m */,
				A500D6D81B2C867D00C8E2C1 /* SHChangePasswordView.h */,
				A500D6D91B2C867D00C8E2C1 /* SHChangePasswordView.m */,
			);
			path = Seting;
			sourceTree = "<group>";
		};
		A5C00A151B1CA837004CAA23 /* Message */ = {
			isa = PBXGroup;
			children = (
				A5C00A191B1CA889004CAA23 /* SHMessageViewController.h */,
				A5C00A1A1B1CA889004CAA23 /* SHMessageViewController.m */,
			);
			path = Message;
			sourceTree = "<group>";
		};
		A5C00A1C1B1CA946004CAA23 /* Tool */ = {
			isa = PBXGroup;
			children = (
				A500D6C41B2C6D1900C8E2C1 /* SHAdapter.h */,
				A500D6C51B2C6D1900C8E2C1 /* SHAdapter.m */,
				A500D6DB1B2C887100C8E2C1 /* SHError.h */,
				A500D6DC1B2C887100C8E2C1 /* SHError.m */,
			);
			path = Tool;
			sourceTree = "<group>";
		};
		A5C00A281B1CAD7B004CAA23 /* Model */ = {
			isa = PBXGroup;
			children = (
				A5096B561B1DEE1D005ABF68 /* SHCellModel.h */,
				A5096B571B1DEE1D005ABF68 /* SHCellModel.m */,
			);
			path = Model;
			sourceTree = "<group>";
		};
		A5C00A2C1B1CAED5004CAA23 /* Categorys */ = {
			isa = PBXGroup;
			children = (
				A5C00A2D1B1CAF34004CAA23 /* UIColor+SHColor.h */,
				A5C00A2E1B1CAF34004CAA23 /* UIColor+SHColor.m */,
				A53482111B2086FF00324B48 /* UIBarButtonItem+Extension.h */,
				A53482121B2086FF00324B48 /* UIBarButtonItem+Extension.m */,
				04BFB6751BA69EB600EF51D8 /* UIImage+SHImage.h */,
				04BFB6761BA69EB600EF51D8 /* UIImage+SHImage.m */,
				04BFB6A61BA6C60F00EF51D8 /* CALayer+Additions.h */,
				04BFB6A71BA6C60F00EF51D8 /* CALayer+Additions.m */,
			);
			path = Categorys;
			sourceTree = "<group>";
		};
		A5FDD9521B27515200DAAD90 /* DataModel */ = {
			isa = PBXGroup;
			children = (
				A5FDD9541B27518200DAAD90 /* NSRoomModel.h */,
				A5FDD9551B27518200DAAD90 /* NSRoomModel.m */,
				A5FDD9571B2751C100DAAD90 /* NSSceneModel.h */,
				A5FDD9581B2751C100DAAD90 /* NSSceneModel.m */,
				A5FDD95A1B27522400DAAD90 /* NSDeviceModel.h */,
				A5FDD95B1B27522400DAAD90 /* NSDeviceModel.m */,
				A5FDD95F1B2756E100DAAD90 /* SHDataManager.h */,
				A5FDD9601B2756E100DAAD90 /* SHDataManager.m */,
			);
			path = DataModel;
			sourceTree = "<group>";
		};
		A5FDD9531B27516A00DAAD90 /* Connect */ = {
			isa = PBXGroup;
			children = (
			);
			path = Connect;
			sourceTree = "<group>";
		};
/* End PBXGroup section */

/* Begin PBXNativeTarget section */
		A5C009CF1B1CA33F004CAA23 /* SmartHome */ = {
			isa = PBXNativeTarget;
			buildConfigurationList = A5C009F31B1CA33F004CAA23 /* Build configuration list for PBXNativeTarget "SmartHome" */;
			buildPhases = (
				A5C009CC1B1CA33F004CAA23 /* Sources */,
				A5C009CD1B1CA33F004CAA23 /* Frameworks */,
				A5C009CE1B1CA33F004CAA23 /* Resources */,
			);
			buildRules = (
			);
			dependencies = (
			);
			name = SmartHome;
			productName = SmartHome;
			productReference = A5C009D01B1CA33F004CAA23 /* SmartHome.app */;
			productType = "com.apple.product-type.application";
		};
		A5C009E81B1CA33F004CAA23 /* SmartHomeTests */ = {
			isa = PBXNativeTarget;
			buildConfigurationList = A5C009F61B1CA33F004CAA23 /* Build configuration list for PBXNativeTarget "SmartHomeTests" */;
			buildPhases = (
				A5C009E51B1CA33F004CAA23 /* Sources */,
				A5C009E61B1CA33F004CAA23 /* Frameworks */,
				A5C009E71B1CA33F004CAA23 /* Resources */,
			);
			buildRules = (
			);
			dependencies = (
				A5C009EB1B1CA33F004CAA23 /* PBXTargetDependency */,
			);
			name = SmartHomeTests;
			productName = SmartHomeTests;
			productReference = A5C009E91B1CA33F004CAA23 /* SmartHomeTests.xctest */;
			productType = "com.apple.product-type.bundle.unit-test";
		};
/* End PBXNativeTarget section */

/* Begin PBXProject section */
		A5C009C81B1CA33F004CAA23 /* Project object */ = {
			isa = PBXProject;
			attributes = {
				LastUpgradeCheck = 0620;
				ORGANIZATIONNAME = banwang;
				TargetAttributes = {
					A5C009CF1B1CA33F004CAA23 = {
						CreatedOnToolsVersion = 6.2;
					};
					A5C009E81B1CA33F004CAA23 = {
						CreatedOnToolsVersion = 6.2;
						TestTargetID = A5C009CF1B1CA33F004CAA23;
					};
				};
			};
			buildConfigurationList = A5C009CB1B1CA33F004CAA23 /* Build configuration list for PBXProject "SmartHome" */;
			compatibilityVersion = "Xcode 3.2";
			developmentRegion = English;
			hasScannedForEncodings = 0;
			knownRegions = (
				en,
				Base,
			);
			mainGroup = A5C009C71B1CA33F004CAA23;
			productRefGroup = A5C009D11B1CA33F004CAA23 /* Products */;
			projectDirPath = "";
			projectRoot = "";
			targets = (
				A5C009CF1B1CA33F004CAA23 /* SmartHome */,
				A5C009E81B1CA33F004CAA23 /* SmartHomeTests */,
			);
		};
/* End PBXProject section */

/* Begin PBXResourcesBuildPhase section */
		A5C009CE1B1CA33F004CAA23 /* Resources */ = {
			isa = PBXResourcesBuildPhase;
			buildActionMask = 2147483647;
			files = (
				04BFB6C51BA6CDEE00EF51D8 /* IQKeyboardManager.bundle in Resources */,
				A5BD073D1B56A7F6005F0E1D /* SidebarViewController.xib in Resources */,
				04BFB69B1BA6B6F300EF51D8 /* SHLoginController.xib in Resources */,
				A50A98181B25DDB40082DD58 /* SHRoomTableViewCell.xib in Resources */,
				04BFB6721BA69E2400EF51D8 /* menuItem4.png in Resources */,
				A500D6CE1B2C78BC00C8E2C1 /* SHSetingCell.xib in Resources */,
				04BFB6AD1BA6C9BA00EF51D8 /* psw_bg.png in Resources */,
				04BFB66F1BA69E2400EF51D8 /* menuItem1.png in Resources */,
				A50A900E1B25C8940082DD58 /* SHDeviceCell.xib in Resources */,
				04BFB6531BA6779200EF51D8 /* 5BtnImage.png in Resources */,
				04BFB65B1BA6779200EF51D8 /* MUTEBtnImage.png in Resources */,
				04BFB64F1BA6779200EF51D8 /* 1BtnImage.png in Resources */,
				04BFB6571BA6779200EF51D8 /* 9BtnImage.png in Resources */,
				04BFB6621BA6779200EF51D8 /* USER1BtnImage.png in Resources */,
				04BFB65A1BA6779200EF51D8 /* MODEBtnImage.png in Resources */,
				04BFB6551BA6779200EF51D8 /* 7BtnImage.png in Resources */,
				04BFB65D1BA6779200EF51D8 /* PLUSBtnImage.png in Resources */,
				04BFB6731BA69E2400EF51D8 /* menuItem5.png in Resources */,
				04BFB65E1BA6779200EF51D8 /* RemoteBackgroundImage.png in Resources */,
				04BFB6701BA69E2400EF51D8 /* menuItem2.png in Resources */,
				A5C009E41B1CA33F004CAA23 /* LaunchScreen.xib in Resources */,
				04BFB6741BA69E2400EF51D8 /* menuItem6.png in Resources */,
				04BFB6611BA6779200EF51D8 /* UPBtnImage.png in Resources */,
				A50A98161B25DB360082DD58 /* SHSceneTableViewCell.xib in Resources */,
				04BFB6601BA6779200EF51D8 /* TVAVBtnImage.png in Resources */,
				04BFB6591BA6779200EF51D8 /* DOWNBtn.png in Resources */,
				A560E3271B28A02100445A89 /* SHRootSetingViewCell.xib in Resources */,
				04BFB6581BA6779200EF51D8 /* BACKBtnImage.png in Resources */,
				04BFB6D01BA6D08700EF51D8 /* ver_bg.png in Resources */,
				04BFB6631BA6779200EF51D8 /* USER2BtnImage.png in Resources */,
				04BFB6521BA6779200EF51D8 /* 4BtnImage.png in Resources */,
				A5A6A3B41B2CBB8400C3A0CB /* SHSelectDeviceCell.xib in Resources */,
				04BFB6711BA69E2400EF51D8 /* menuItem3.png in Resources */,
				04BFB6501BA6779200EF51D8 /* 2BtnImage.png in Resources */,
				04BFB6A01BA6B70E00EF51D8 /* SHRegisterController.xib in Resources */,
				04BFB6A51BA6B72100EF51D8 /* SHForgetPasswordController.xib in Resources */,
				04BFB6511BA6779200EF51D8 /* 3BtnImage.png in Resources */,
				A5C009E11B1CA33F004CAA23 /* Images.xcassets in Resources */,
				04BFB6351BA675F000EF51D8 /* IconImage.plist in Resources */,
				04BFB65F1BA6779200EF51D8 /* SUBBtnImage.png in Resources */,
				A5A6A3A71B2CBB5F00C3A0CB /* SHAddCell.xib in Resources */,
				04BFB65C1BA6779200EF51D8 /* ONOFFBtnImage.png in Resources */,
				04BFB6561BA6779200EF51D8 /* 8BtnImage.png in Resources */,
				04BFB6AC1BA6C9BA00EF51D8 /* acc_bg.png in Resources */,
				04BFB64E1BA6779200EF51D8 /* 0BtnImage.png in Resources */,
				04BFB6541BA6779200EF51D8 /* 6BtnImage.png in Resources */,
				04BFB6331BA674AA00EF51D8 /* SHSideTableViewCell.xib in Resources */,
			);
			runOnlyForDeploymentPostprocessing = 0;
		};
		A5C009E71B1CA33F004CAA23 /* Resources */ = {
			isa = PBXResourcesBuildPhase;
			buildActionMask = 2147483647;
			files = (
			);
			runOnlyForDeploymentPostprocessing = 0;
		};
/* End PBXResourcesBuildPhase section */

/* Begin PBXSourcesBuildPhase section */
		A5C009CC1B1CA33F004CAA23 /* Sources */ = {
			isa = PBXSourcesBuildPhase;
			buildActionMask = 2147483647;
			files = (
				A5096B741B1DF171005ABF68 /* NSMeapSqlHanldler.m in Sources */,
				04BFB6CC1BA6CDEE00EF51D8 /* UIView+Hierarchy.m in Sources */,
				A5A6A3A91B2CBB5F00C3A0CB /* SHAddModel.m in Sources */,
				A5096B731B1DF171005ABF68 /* NSMeapDBBaseObject.m in Sources */,
				A5096B581B1DEE1D005ABF68 /* SHCellModel.m in Sources */,
				A5096B711B1DF171005ABF68 /* YYFMResultSet.m in Sources */,
				A500D6D11B2C7CEB00C8E2C1 /* SHChangePasswordController.m in Sources */,
				A500D6E81B2C9DC400C8E2C1 /* SHTVControlView.m in Sources */,
				A5096B871B1DF66F005ABF68 /* SHSceneTableViewCell.m in Sources */,
				A5096B6F1B1DF171005ABF68 /* YYFMDatabasePool.m in Sources */,
				04BFB6A81BA6C60F00EF51D8 /* CALayer+Additions.m in Sources */,
				A500D6DD1B2C887100C8E2C1 /* SHError.m in Sources */,
				A5FDD9561B27518200DAAD90 /* NSRoomModel.m in Sources */,
				A5A6A3B31B2CBB8400C3A0CB /* SHSelectDeviceCell.m in Sources */,
				A53482131B2086FF00324B48 /* UIBarButtonItem+Extension.m in Sources */,
				A500D6EB1B2C9DE800C8E2C1 /* SHAircondationView.m in Sources */,
				A500D6CC1B2C78A900C8E2C1 /* SHSetingCell.m in Sources */,
				04BFB6771BA69EB600EF51D8 /* UIImage+SHImage.m in Sources */,
				A5FDD95C1B27522400DAAD90 /* NSDeviceModel.m in Sources */,
				04BFB6911BA6B18000EF51D8 /* AFURLConnectionOperation.m in Sources */,
				A53482161B20894D00324B48 /* SHRoomSetingViewController.m in Sources */,
				04BFB6931BA6B18000EF51D8 /* AFURLResponseSerialization.m in Sources */,
				04BFB6CE1BA6CDEE00EF51D8 /* UIWindow+Hierarchy.m in Sources */,
				A500D6E51B2C9BBA00C8E2C1 /* SHAirconditionController.m in Sources */,
				04BFB69F1BA6B70E00EF51D8 /* SHRegisterController.m in Sources */,
				A5C009D91B1CA33F004CAA23 /* AppDelegate.m in Sources */,
				04BFB68E1BA6B18000EF51D8 /* AFHTTPSessionManager.m in Sources */,
				A5096B7E1B1DF2BE005ABF68 /* SHRoomViewController.m in Sources */,
				04BFB6CD1BA6CDEE00EF51D8 /* UIView+IQKeyboardToolbar.m in Sources */,
				A5A6A3A81B2CBB5F00C3A0CB /* SHAddDeviceViewController.m in Sources */,
				A5FDD9611B2756E100DAAD90 /* SHDataManager.m in Sources */,
				04BFB68F1BA6B18000EF51D8 /* AFNetworkReachabilityManager.m in Sources */,
				A500D6DA1B2C867D00C8E2C1 /* SHChangePasswordView.m in Sources */,
				A5A6A3B51B2CBB8400C3A0CB /* SHSelectDeviceModel.m in Sources */,
				A5BD07391B56A7F6005F0E1D /* SHSideModel.m in Sources */,
				A5C00A111B1CA7D1004CAA23 /* SHHomeViewController.m in Sources */,
				A5096B7B1B1DF2AF005ABF68 /* SHSceneViewController.m in Sources */,
				A5C009FD1B1CA46E004CAA23 /* SHBaseViewController.m in Sources */,
				04BFB6CA1BA6CDEE00EF51D8 /* IQToolbar.m in Sources */,
				04BFB6321BA674AA00EF51D8 /* SHSideTableViewCell.m in Sources */,
				A500D6C61B2C6D1900C8E2C1 /* SHAdapter.m in Sources */,
				A50A981B1B25F7620082DD58 /* SHSceneSetingController.m in Sources */,
				04BFB6C71BA6CDEE00EF51D8 /* IQSegmentedNextPrevious.m in Sources */,
				A5BD07381B56A7F6005F0E1D /* LeftSideBarViewController.m in Sources */,
				A500D6C91B2C789100C8E2C1 /* SHSetingModel.m in Sources */,
				A5A6A3B61B2CBB8400C3A0CB /* SHSelectViewController.m in Sources */,
				A5A6A3A61B2CBB5F00C3A0CB /* SHAddCell.m in Sources */,
				A5C00A001B1CA49A004CAA23 /* SHNavigationController.m in Sources */,
				A5096B6D1B1DF171005ABF68 /* YYFMDatabase.m in Sources */,
				04BFB6941BA6B18000EF51D8 /* AFURLSessionManager.m in Sources */,
				A5C00A091B1CA5A9004CAA23 /* SHTableViewCell.m in Sources */,
				A5BD073C1B56A7F6005F0E1D /* SidebarViewController.m in Sources */,
				A500D6E21B2C9B9100C8E2C1 /* SHTVControlController.m in Sources */,
				A5A6A3AB1B2CBB5F00C3A0CB /* SHScanViewController.m in Sources */,
				04BFB6C61BA6CDEE00EF51D8 /* IQKeyboardManager.m in Sources */,
				04BFB6CB1BA6CDEE00EF51D8 /* NSArray+Sort.m in Sources */,
				A5096B6E1B1DF171005ABF68 /* YYFMDatabaseAdditions.m in Sources */,
				A5FDD9591B2751C200DAAD90 /* NSSceneModel.m in Sources */,
				A5C00A1B1B1CA889004CAA23 /* SHMessageViewController.m in Sources */,
				A5A6A3AA1B2CBB5F00C3A0CB /* SHManuallyAddController.m in Sources */,
				A5C009D61B1CA33F004CAA23 /* main.m in Sources */,
				A5096B701B1DF171005ABF68 /* YYFMDatabaseQueue.m in Sources */,
				A50A900C1B25C85D0082DD58 /* SHDeviceCell.m in Sources */,
				04BFB69A1BA6B6F300EF51D8 /* SHLoginController.m in Sources */,
				04BFB68D1BA6B18000EF51D8 /* AFHTTPRequestOperationManager.m in Sources */,
				A5C00A141B1CA7E4004CAA23 /* SHSetingViewController.m in Sources */,
				A5C00A2F1B1CAF34004CAA23 /* UIColor+SHColor.m in Sources */,
				A534821F1B20924000324B48 /* SHRoomSetingModel.m in Sources */,
				A53482191B2090B000324B48 /* SHRootSetingViewCell.m in Sources */,
				A560E32B1B28B59800445A89 /* SHPickerView.m in Sources */,
				04BFB68C1BA6B18000EF51D8 /* AFHTTPRequestOperation.m in Sources */,
				04BFB6921BA6B18000EF51D8 /* AFURLRequestSerialization.m in Sources */,
				A50A90011B25C4EA0082DD58 /* SHDeviceViewController.m in Sources */,
				04BFB6A41BA6B72100EF51D8 /* SHForgetPasswordController.m in Sources */,
				04BFB6C91BA6CDEE00EF51D8 /* IQTitleBarButtonItem.m in Sources */,
				A5096B841B1DF633005ABF68 /* SHRoomTableViewCell.m in Sources */,
				04BFB6901BA6B18000EF51D8 /* AFSecurityPolicy.m in Sources */,
				04BFB6C81BA6CDEE00EF51D8 /* IQTextView.m in Sources */,
				A5096B721B1DF171005ABF68 /* NSMeapDB.m in Sources */,
			);
			runOnlyForDeploymentPostprocessing = 0;
		};
		A5C009E51B1CA33F004CAA23 /* Sources */ = {
			isa = PBXSourcesBuildPhase;
			buildActionMask = 2147483647;
			files = (
				A5C009F01B1CA33F004CAA23 /* SmartHomeTests.m in Sources */,
			);
			runOnlyForDeploymentPostprocessing = 0;
		};
/* End PBXSourcesBuildPhase section */

/* Begin PBXTargetDependency section */
		A5C009EB1B1CA33F004CAA23 /* PBXTargetDependency */ = {
			isa = PBXTargetDependency;
			target = A5C009CF1B1CA33F004CAA23 /* SmartHome */;
			targetProxy = A5C009EA1B1CA33F004CAA23 /* PBXContainerItemProxy */;
		};
/* End PBXTargetDependency section */

/* Begin PBXVariantGroup section */
		A5C009E21B1CA33F004CAA23 /* LaunchScreen.xib */ = {
			isa = PBXVariantGroup;
			children = (
				A5C009E31B1CA33F004CAA23 /* Base */,
			);
			name = LaunchScreen.xib;
			sourceTree = "<group>";
		};
/* End PBXVariantGroup section */

/* Begin XCBuildConfiguration section */
		A5C009F11B1CA33F004CAA23 /* Debug */ = {
			isa = XCBuildConfiguration;
			buildSettings = {
				ALWAYS_SEARCH_USER_PATHS = NO;
				CLANG_CXX_LANGUAGE_STANDARD = "gnu++0x";
				CLANG_CXX_LIBRARY = "libc++";
				CLANG_ENABLE_MODULES = YES;
				CLANG_ENABLE_OBJC_ARC = YES;
				CLANG_WARN_BOOL_CONVERSION = YES;
				CLANG_WARN_CONSTANT_CONVERSION = YES;
				CLANG_WARN_DIRECT_OBJC_ISA_USAGE = YES_ERROR;
				CLANG_WARN_EMPTY_BODY = YES;
				CLANG_WARN_ENUM_CONVERSION = YES;
				CLANG_WARN_INT_CONVERSION = YES;
				CLANG_WARN_OBJC_ROOT_CLASS = YES_ERROR;
				CLANG_WARN_UNREACHABLE_CODE = YES;
				CLANG_WARN__DUPLICATE_METHOD_MATCH = YES;
				"CODE_SIGN_IDENTITY[sdk=iphoneos*]" = "iPhone Developer";
				COPY_PHASE_STRIP = NO;
				ENABLE_STRICT_OBJC_MSGSEND = YES;
				GCC_C_LANGUAGE_STANDARD = gnu99;
				GCC_DYNAMIC_NO_PIC = NO;
				GCC_OPTIMIZATION_LEVEL = 0;
				GCC_PREPROCESSOR_DEFINITIONS = (
					"DEBUG=1",
					"$(inherited)",
				);
				GCC_SYMBOLS_PRIVATE_EXTERN = NO;
				GCC_WARN_64_TO_32_BIT_CONVERSION = YES;
				GCC_WARN_ABOUT_RETURN_TYPE = YES_ERROR;
				GCC_WARN_UNDECLARED_SELECTOR = YES;
				GCC_WARN_UNINITIALIZED_AUTOS = YES_AGGRESSIVE;
				GCC_WARN_UNUSED_FUNCTION = YES;
				GCC_WARN_UNUSED_VARIABLE = YES;
				IPHONEOS_DEPLOYMENT_TARGET = 8.2;
				MTL_ENABLE_DEBUG_INFO = YES;
				ONLY_ACTIVE_ARCH = YES;
				SDKROOT = iphoneos;
				TARGETED_DEVICE_FAMILY = "1,2";
			};
			name = Debug;
		};
		A5C009F21B1CA33F004CAA23 /* Release */ = {
			isa = XCBuildConfiguration;
			buildSettings = {
				ALWAYS_SEARCH_USER_PATHS = NO;
				CLANG_CXX_LANGUAGE_STANDARD = "gnu++0x";
				CLANG_CXX_LIBRARY = "libc++";
				CLANG_ENABLE_MODULES = YES;
				CLANG_ENABLE_OBJC_ARC = YES;
				CLANG_WARN_BOOL_CONVERSION = YES;
				CLANG_WARN_CONSTANT_CONVERSION = YES;
				CLANG_WARN_DIRECT_OBJC_ISA_USAGE = YES_ERROR;
				CLANG_WARN_EMPTY_BODY = YES;
				CLANG_WARN_ENUM_CONVERSION = YES;
				CLANG_WARN_INT_CONVERSION = YES;
				CLANG_WARN_OBJC_ROOT_CLASS = YES_ERROR;
				CLANG_WARN_UNREACHABLE_CODE = YES;
				CLANG_WARN__DUPLICATE_METHOD_MATCH = YES;
				"CODE_SIGN_IDENTITY[sdk=iphoneos*]" = "iPhone Developer";
				COPY_PHASE_STRIP = NO;
				ENABLE_NS_ASSERTIONS = NO;
				ENABLE_STRICT_OBJC_MSGSEND = YES;
				GCC_C_LANGUAGE_STANDARD = gnu99;
				GCC_WARN_64_TO_32_BIT_CONVERSION = YES;
				GCC_WARN_ABOUT_RETURN_TYPE = YES_ERROR;
				GCC_WARN_UNDECLARED_SELECTOR = YES;
				GCC_WARN_UNINITIALIZED_AUTOS = YES_AGGRESSIVE;
				GCC_WARN_UNUSED_FUNCTION = YES;
				GCC_WARN_UNUSED_VARIABLE = YES;
				IPHONEOS_DEPLOYMENT_TARGET = 8.2;
				MTL_ENABLE_DEBUG_INFO = NO;
				SDKROOT = iphoneos;
				TARGETED_DEVICE_FAMILY = "1,2";
				VALIDATE_PRODUCT = YES;
			};
			name = Release;
		};
		A5C009F41B1CA33F004CAA23 /* Debug */ = {
			isa = XCBuildConfiguration;
			buildSettings = {
				ASSETCATALOG_COMPILER_APPICON_NAME = AppIcon;
				GCC_PREFIX_HEADER = "$(SRCROOT)/SmartHome/SmartHome.pch";
				INFOPLIST_FILE = SmartHome/Info.plist;
				IPHONEOS_DEPLOYMENT_TARGET = 7.0;
				LD_RUNPATH_SEARCH_PATHS = "$(inherited) @executable_path/Frameworks";
				PRODUCT_NAME = "$(TARGET_NAME)";
			};
			name = Debug;
		};
		A5C009F51B1CA33F004CAA23 /* Release */ = {
			isa = XCBuildConfiguration;
			buildSettings = {
				ASSETCATALOG_COMPILER_APPICON_NAME = AppIcon;
				GCC_PREFIX_HEADER = "$(SRCROOT)/SmartHome/SmartHome.pch";
				INFOPLIST_FILE = SmartHome/Info.plist;
				IPHONEOS_DEPLOYMENT_TARGET = 7.0;
				LD_RUNPATH_SEARCH_PATHS = "$(inherited) @executable_path/Frameworks";
				PRODUCT_NAME = "$(TARGET_NAME)";
			};
			name = Release;
		};
		A5C009F71B1CA33F004CAA23 /* Debug */ = {
			isa = XCBuildConfiguration;
			buildSettings = {
				BUNDLE_LOADER = "$(TEST_HOST)";
				FRAMEWORK_SEARCH_PATHS = (
					"$(SDKROOT)/Developer/Library/Frameworks",
					"$(inherited)",
				);
				GCC_PREPROCESSOR_DEFINITIONS = (
					"DEBUG=1",
					"$(inherited)",
				);
				INFOPLIST_FILE = SmartHomeTests/Info.plist;
				LD_RUNPATH_SEARCH_PATHS = "$(inherited) @executable_path/Frameworks @loader_path/Frameworks";
				PRODUCT_NAME = "$(TARGET_NAME)";
				TEST_HOST = "$(BUILT_PRODUCTS_DIR)/SmartHome.app/SmartHome";
			};
			name = Debug;
		};
		A5C009F81B1CA33F004CAA23 /* Release */ = {
			isa = XCBuildConfiguration;
			buildSettings = {
				BUNDLE_LOADER = "$(TEST_HOST)";
				FRAMEWORK_SEARCH_PATHS = (
					"$(SDKROOT)/Developer/Library/Frameworks",
					"$(inherited)",
				);
				INFOPLIST_FILE = SmartHomeTests/Info.plist;
				LD_RUNPATH_SEARCH_PATHS = "$(inherited) @executable_path/Frameworks @loader_path/Frameworks";
				PRODUCT_NAME = "$(TARGET_NAME)";
				TEST_HOST = "$(BUILT_PRODUCTS_DIR)/SmartHome.app/SmartHome";
			};
			name = Release;
		};
/* End XCBuildConfiguration section */

/* Begin XCConfigurationList section */
		A5C009CB1B1CA33F004CAA23 /* Build configuration list for PBXProject "SmartHome" */ = {
			isa = XCConfigurationList;
			buildConfigurations = (
				A5C009F11B1CA33F004CAA23 /* Debug */,
				A5C009F21B1CA33F004CAA23 /* Release */,
			);
			defaultConfigurationIsVisible = 0;
			defaultConfigurationName = Release;
		};
		A5C009F31B1CA33F004CAA23 /* Build configuration list for PBXNativeTarget "SmartHome" */ = {
			isa = XCConfigurationList;
			buildConfigurations = (
				A5C009F41B1CA33F004CAA23 /* Debug */,
				A5C009F51B1CA33F004CAA23 /* Release */,
			);
			defaultConfigurationIsVisible = 0;
			defaultConfigurationName = Release;
		};
		A5C009F61B1CA33F004CAA23 /* Build configuration list for PBXNativeTarget "SmartHomeTests" */ = {
			isa = XCConfigurationList;
			buildConfigurations = (
				A5C009F71B1CA33F004CAA23 /* Debug */,
				A5C009F81B1CA33F004CAA23 /* Release */,
			);
			defaultConfigurationIsVisible = 0;
			defaultConfigurationName = Release;
		};
/* End XCConfigurationList section */
	};
	rootObject = A5C009C81B1CA33F004CAA23 /* Project object */;
}
